// !$*UTF8*$!
{
	archiveVersion = 1;
	classes = {
	};
	objectVersion = 46;
	objects = {

/* Begin PBXBuildFile section */
		3C3720471D1832C30068ABC8 /* main.cpp in Sources */ = {isa = PBXBuildFile; fileRef = 3C3720461D1832C30068ABC8 /* main.cpp */; };
		3C3720491D1832D00068ABC8 /* main.cpp in Sources */ = {isa = PBXBuildFile; fileRef = 3C3720481D1832D00068ABC8 /* main.cpp */; };
		3C37204B1D1832D90068ABC8 /* main.cpp in Sources */ = {isa = PBXBuildFile; fileRef = 3C37204A1D1832D90068ABC8 /* main.cpp */; };
		3C3720581D1833640068ABC8 /* main.cpp in Sources */ = {isa = PBXBuildFile; fileRef = 3C3720571D1833640068ABC8 /* main.cpp */; };
		3C3720591D18362B0068ABC8 /* GLUT.framework in Frameworks */ = {isa = PBXBuildFile; fileRef = 3C86EDB31D1029E400D83A25 /* GLUT.framework */; };
		3C37205A1D18362F0068ABC8 /* Cocoa.framework in Frameworks */ = {isa = PBXBuildFile; fileRef = 3C86EDAF1D1029D700D83A25 /* Cocoa.framework */; };
		3C37205B1D1836340068ABC8 /* CoreVideo.framework in Frameworks */ = {isa = PBXBuildFile; fileRef = 3C86EDAB1D1029C800D83A25 /* CoreVideo.framework */; };
		3C37205C1D1836380068ABC8 /* IOKit.framework in Frameworks */ = {isa = PBXBuildFile; fileRef = 3C86EDAD1D1029D000D83A25 /* IOKit.framework */; };
		3C37205D1D1836560068ABC8 /* OpenGL.framework in Frameworks */ = {isa = PBXBuildFile; fileRef = 3C86EDB11D1029E000D83A25 /* OpenGL.framework */; };
		3C37205E1D18365A0068ABC8 /* libSOIL.a in Frameworks */ = {isa = PBXBuildFile; fileRef = 3C45E52E1D182E04007007DA /* libSOIL.a */; };
		3C37205F1D18365D0068ABC8 /* libglfw3.a in Frameworks */ = {isa = PBXBuildFile; fileRef = 3CC16A871D12E0ED0080F62C /* libglfw3.a */; };
		3C3720601D18365F0068ABC8 /* libGLEW.a in Frameworks */ = {isa = PBXBuildFile; fileRef = 3C45E5421D182F86007007DA /* libGLEW.a */; };
		3C3720611D183F720068ABC8 /* GLUT.framework in Frameworks */ = {isa = PBXBuildFile; fileRef = 3C86EDB31D1029E400D83A25 /* GLUT.framework */; };
		3C3720621D183F760068ABC8 /* OpenGL.framework in Frameworks */ = {isa = PBXBuildFile; fileRef = 3C86EDB11D1029E000D83A25 /* OpenGL.framework */; };
		3C3720631D183F800068ABC8 /* CoreVideo.framework in Frameworks */ = {isa = PBXBuildFile; fileRef = 3C86EDAB1D1029C800D83A25 /* CoreVideo.framework */; };
		3C3720641D183F8B0068ABC8 /* Cocoa.framework in Frameworks */ = {isa = PBXBuildFile; fileRef = 3C86EDAF1D1029D700D83A25 /* Cocoa.framework */; };
		3C3720651D183F9C0068ABC8 /* IOKit.framework in Frameworks */ = {isa = PBXBuildFile; fileRef = 3C86EDAD1D1029D000D83A25 /* IOKit.framework */; };
		3C3720661D183FA50068ABC8 /* libSOIL.a in Frameworks */ = {isa = PBXBuildFile; fileRef = 3C45E52E1D182E04007007DA /* libSOIL.a */; };
		3C3720671D183FA90068ABC8 /* libglfw3.a in Frameworks */ = {isa = PBXBuildFile; fileRef = 3CC16A871D12E0ED0080F62C /* libglfw3.a */; };
		3C3720681D183FAD0068ABC8 /* libGLEW.a in Frameworks */ = {isa = PBXBuildFile; fileRef = 3C45E5421D182F86007007DA /* libGLEW.a */; };
		3C3720691D183FCA0068ABC8 /* OpenGL.framework in Frameworks */ = {isa = PBXBuildFile; fileRef = 3C86EDB11D1029E000D83A25 /* OpenGL.framework */; };
		3C37206A1D183FCF0068ABC8 /* CoreVideo.framework in Frameworks */ = {isa = PBXBuildFile; fileRef = 3C86EDAB1D1029C800D83A25 /* CoreVideo.framework */; };
		3C37206B1D183FD20068ABC8 /* Cocoa.framework in Frameworks */ = {isa = PBXBuildFile; fileRef = 3C86EDAF1D1029D700D83A25 /* Cocoa.framework */; };
		3C37206C1D183FD80068ABC8 /* GLUT.framework in Frameworks */ = {isa = PBXBuildFile; fileRef = 3C86EDB31D1029E400D83A25 /* GLUT.framework */; };
		3C37206D1D183FF00068ABC8 /* IOKit.framework in Frameworks */ = {isa = PBXBuildFile; fileRef = 3C86EDAD1D1029D000D83A25 /* IOKit.framework */; };
		3C37206E1D183FF40068ABC8 /* libSOIL.a in Frameworks */ = {isa = PBXBuildFile; fileRef = 3C45E52E1D182E04007007DA /* libSOIL.a */; };
		3C37206F1D183FF60068ABC8 /* libglfw3.a in Frameworks */ = {isa = PBXBuildFile; fileRef = 3CC16A871D12E0ED0080F62C /* libglfw3.a */; };
		3C3720701D183FF80068ABC8 /* libGLEW.a in Frameworks */ = {isa = PBXBuildFile; fileRef = 3C45E5421D182F86007007DA /* libGLEW.a */; };
		3C3720711D1840000068ABC8 /* libSOIL.a in Frameworks */ = {isa = PBXBuildFile; fileRef = 3C45E52E1D182E04007007DA /* libSOIL.a */; };
		3C3720721D1840010068ABC8 /* libglfw3.a in Frameworks */ = {isa = PBXBuildFile; fileRef = 3CC16A871D12E0ED0080F62C /* libglfw3.a */; };
		3C3720731D1840030068ABC8 /* libGLEW.a in Frameworks */ = {isa = PBXBuildFile; fileRef = 3C45E5421D182F86007007DA /* libGLEW.a */; };
		3C3720741D1840080068ABC8 /* IOKit.framework in Frameworks */ = {isa = PBXBuildFile; fileRef = 3C86EDAD1D1029D000D83A25 /* IOKit.framework */; };
		3C3720751D1840170068ABC8 /* OpenGL.framework in Frameworks */ = {isa = PBXBuildFile; fileRef = 3C86EDB11D1029E000D83A25 /* OpenGL.framework */; };
		3C3720761D18401F0068ABC8 /* GLUT.framework in Frameworks */ = {isa = PBXBuildFile; fileRef = 3C86EDB31D1029E400D83A25 /* GLUT.framework */; };
		3C3720771D1841520068ABC8 /* CoreVideo.framework in Frameworks */ = {isa = PBXBuildFile; fileRef = 3C86EDAB1D1029C800D83A25 /* CoreVideo.framework */; };
		3C3720781D18415A0068ABC8 /* Cocoa.framework in Frameworks */ = {isa = PBXBuildFile; fileRef = 3C86EDAF1D1029D700D83A25 /* Cocoa.framework */; };
		3C37207B1D1842750068ABC8 /* CommonSettings.cpp in Sources */ = {isa = PBXBuildFile; fileRef = 3C3720791D1842750068ABC8 /* CommonSettings.cpp */; };
		3C37207C1D1842750068ABC8 /* CommonSettings.cpp in Sources */ = {isa = PBXBuildFile; fileRef = 3C3720791D1842750068ABC8 /* CommonSettings.cpp */; };
		3C37207D1D1842750068ABC8 /* CommonSettings.cpp in Sources */ = {isa = PBXBuildFile; fileRef = 3C3720791D1842750068ABC8 /* CommonSettings.cpp */; };
		3C37207E1D1842750068ABC8 /* CommonSettings.cpp in Sources */ = {isa = PBXBuildFile; fileRef = 3C3720791D1842750068ABC8 /* CommonSettings.cpp */; };
		3C37207F1D1842750068ABC8 /* CommonSettings.cpp in Sources */ = {isa = PBXBuildFile; fileRef = 3C3720791D1842750068ABC8 /* CommonSettings.cpp */; };
		3C3720801D1842750068ABC8 /* CommonSettings.cpp in Sources */ = {isa = PBXBuildFile; fileRef = 3C3720791D1842750068ABC8 /* CommonSettings.cpp */; };
		3C3720811D1842750068ABC8 /* CommonSettings.cpp in Sources */ = {isa = PBXBuildFile; fileRef = 3C3720791D1842750068ABC8 /* CommonSettings.cpp */; };
		3C3720821D1842750068ABC8 /* CommonSettings.cpp in Sources */ = {isa = PBXBuildFile; fileRef = 3C3720791D1842750068ABC8 /* CommonSettings.cpp */; };
		3C3720831D1842750068ABC8 /* CommonSettings.cpp in Sources */ = {isa = PBXBuildFile; fileRef = 3C3720791D1842750068ABC8 /* CommonSettings.cpp */; };
		3C3720841D1842750068ABC8 /* CommonSettings.cpp in Sources */ = {isa = PBXBuildFile; fileRef = 3C3720791D1842750068ABC8 /* CommonSettings.cpp */; };
		3C3720851D1842750068ABC8 /* CommonSettings.cpp in Sources */ = {isa = PBXBuildFile; fileRef = 3C3720791D1842750068ABC8 /* CommonSettings.cpp */; };
		3C37208D1D185CC40068ABC8 /* ShaderReader.cpp in Sources */ = {isa = PBXBuildFile; fileRef = 3CC700C51D14DD4200A21FAC /* ShaderReader.cpp */; };
		3C3720901D1977280068ABC8 /* ShaderReader.cpp in Sources */ = {isa = PBXBuildFile; fileRef = 3CC700C51D14DD4200A21FAC /* ShaderReader.cpp */; };
		3C3720911D19776E0068ABC8 /* ShaderReader.cpp in Sources */ = {isa = PBXBuildFile; fileRef = 3CC700C51D14DD4200A21FAC /* ShaderReader.cpp */; };
		3C3720921D1977760068ABC8 /* ShaderReader.cpp in Sources */ = {isa = PBXBuildFile; fileRef = 3CC700C51D14DD4200A21FAC /* ShaderReader.cpp */; };
		3C42909D1D12FE1600736950 /* main.cpp in Sources */ = {isa = PBXBuildFile; fileRef = 3C4290991D12FAE200736950 /* main.cpp */; };
		3C45E5301D182E04007007DA /* libSOIL.a in Frameworks */ = {isa = PBXBuildFile; fileRef = 3C45E52E1D182E04007007DA /* libSOIL.a */; };
		3C45E5311D182E04007007DA /* libSOIL.a in Frameworks */ = {isa = PBXBuildFile; fileRef = 3C45E52E1D182E04007007DA /* libSOIL.a */; };
		3C45E5321D182E04007007DA /* libSOIL.a in Frameworks */ = {isa = PBXBuildFile; fileRef = 3C45E52E1D182E04007007DA /* libSOIL.a */; };
		3C45E5331D182E04007007DA /* libSOIL.a in Frameworks */ = {isa = PBXBuildFile; fileRef = 3C45E52E1D182E04007007DA /* libSOIL.a */; };
		3C45E5341D182E04007007DA /* libSOIL.a in Frameworks */ = {isa = PBXBuildFile; fileRef = 3C45E52E1D182E04007007DA /* libSOIL.a */; };
		3C45E5351D182E04007007DA /* libSOIL.a in Frameworks */ = {isa = PBXBuildFile; fileRef = 3C45E52E1D182E04007007DA /* libSOIL.a */; };
		3C45E5361D182E27007007DA /* libSOIL.a in Frameworks */ = {isa = PBXBuildFile; fileRef = 3C45E52E1D182E04007007DA /* libSOIL.a */; };
		3C45E5431D182F86007007DA /* libGLEW.a in Frameworks */ = {isa = PBXBuildFile; fileRef = 3C45E5421D182F86007007DA /* libGLEW.a */; };
		3C45E5441D182F86007007DA /* libGLEW.a in Frameworks */ = {isa = PBXBuildFile; fileRef = 3C45E5421D182F86007007DA /* libGLEW.a */; };
		3C45E5451D182F86007007DA /* libGLEW.a in Frameworks */ = {isa = PBXBuildFile; fileRef = 3C45E5421D182F86007007DA /* libGLEW.a */; };
		3C45E5461D182F86007007DA /* libGLEW.a in Frameworks */ = {isa = PBXBuildFile; fileRef = 3C45E5421D182F86007007DA /* libGLEW.a */; };
		3C45E5471D182F86007007DA /* libGLEW.a in Frameworks */ = {isa = PBXBuildFile; fileRef = 3C45E5421D182F86007007DA /* libGLEW.a */; };
		3C45E5481D182F86007007DA /* libGLEW.a in Frameworks */ = {isa = PBXBuildFile; fileRef = 3C45E5421D182F86007007DA /* libGLEW.a */; };
		3C45E5491D182F86007007DA /* libGLEW.a in Frameworks */ = {isa = PBXBuildFile; fileRef = 3C45E5421D182F86007007DA /* libGLEW.a */; };
		3C86EDAA1D10221500D83A25 /* main.cpp in Sources */ = {isa = PBXBuildFile; fileRef = 3C86EDA91D10221500D83A25 /* main.cpp */; };
		3C86EDAC1D1029C800D83A25 /* CoreVideo.framework in Frameworks */ = {isa = PBXBuildFile; fileRef = 3C86EDAB1D1029C800D83A25 /* CoreVideo.framework */; };
		3C86EDAE1D1029D000D83A25 /* IOKit.framework in Frameworks */ = {isa = PBXBuildFile; fileRef = 3C86EDAD1D1029D000D83A25 /* IOKit.framework */; };
		3C86EDB01D1029D700D83A25 /* Cocoa.framework in Frameworks */ = {isa = PBXBuildFile; fileRef = 3C86EDAF1D1029D700D83A25 /* Cocoa.framework */; };
		3C86EDB21D1029E000D83A25 /* OpenGL.framework in Frameworks */ = {isa = PBXBuildFile; fileRef = 3C86EDB11D1029E000D83A25 /* OpenGL.framework */; };
		3C86EDB41D1029E400D83A25 /* GLUT.framework in Frameworks */ = {isa = PBXBuildFile; fileRef = 3C86EDB31D1029E400D83A25 /* GLUT.framework */; };
		3CC16A821D12E0970080F62C /* OpenGL.framework in Frameworks */ = {isa = PBXBuildFile; fileRef = 3C86EDB11D1029E000D83A25 /* OpenGL.framework */; };
		3CC16A831D12E09C0080F62C /* GLUT.framework in Frameworks */ = {isa = PBXBuildFile; fileRef = 3C86EDB31D1029E400D83A25 /* GLUT.framework */; };
		3CC16A841D12E0A70080F62C /* Cocoa.framework in Frameworks */ = {isa = PBXBuildFile; fileRef = 3C86EDAF1D1029D700D83A25 /* Cocoa.framework */; };
		3CC16A851D12E0AB0080F62C /* IOKit.framework in Frameworks */ = {isa = PBXBuildFile; fileRef = 3C86EDAD1D1029D000D83A25 /* IOKit.framework */; };
		3CC16A861D12E0BA0080F62C /* CoreVideo.framework in Frameworks */ = {isa = PBXBuildFile; fileRef = 3C86EDAB1D1029C800D83A25 /* CoreVideo.framework */; };
		3CC16A881D12E0ED0080F62C /* libglfw3.a in Frameworks */ = {isa = PBXBuildFile; fileRef = 3CC16A871D12E0ED0080F62C /* libglfw3.a */; };
		3CC16A9A1D12F78F0080F62C /* GLUT.framework in Frameworks */ = {isa = PBXBuildFile; fileRef = 3C86EDB31D1029E400D83A25 /* GLUT.framework */; };
		3CC16A9B1D12F7940080F62C /* OpenGL.framework in Frameworks */ = {isa = PBXBuildFile; fileRef = 3C86EDB11D1029E000D83A25 /* OpenGL.framework */; };
		3CC16A9C1D12F7A30080F62C /* libglfw3.a in Frameworks */ = {isa = PBXBuildFile; fileRef = 3CC16A871D12E0ED0080F62C /* libglfw3.a */; };
		3CC16A9E1D12F7D80080F62C /* CoreVideo.framework in Frameworks */ = {isa = PBXBuildFile; fileRef = 3C86EDAB1D1029C800D83A25 /* CoreVideo.framework */; };
		3CC16A9F1D12F7DF0080F62C /* IOKit.framework in Frameworks */ = {isa = PBXBuildFile; fileRef = 3C86EDAD1D1029D000D83A25 /* IOKit.framework */; };
		3CC16AA01D12F7FA0080F62C /* Cocoa.framework in Frameworks */ = {isa = PBXBuildFile; fileRef = 3C86EDAF1D1029D700D83A25 /* Cocoa.framework */; };
		3CC16AAB1D12F9570080F62C /* main.cpp in Sources */ = {isa = PBXBuildFile; fileRef = 3CC16AAA1D12F9570080F62C /* main.cpp */; };
		3CC700BB1D14155200A21FAC /* main.cpp in Sources */ = {isa = PBXBuildFile; fileRef = 3CC700B91D14153B00A21FAC /* main.cpp */; };
		3CC700BC1D141A8F00A21FAC /* GLUT.framework in Frameworks */ = {isa = PBXBuildFile; fileRef = 3C86EDB31D1029E400D83A25 /* GLUT.framework */; };
		3CC700BD1D141A9400A21FAC /* OpenGL.framework in Frameworks */ = {isa = PBXBuildFile; fileRef = 3C86EDB11D1029E000D83A25 /* OpenGL.framework */; };
		3CC700BE1D141A9700A21FAC /* IOKit.framework in Frameworks */ = {isa = PBXBuildFile; fileRef = 3C86EDAD1D1029D000D83A25 /* IOKit.framework */; };
		3CC700BF1D141AA100A21FAC /* CoreVideo.framework in Frameworks */ = {isa = PBXBuildFile; fileRef = 3C86EDAB1D1029C800D83A25 /* CoreVideo.framework */; };
		3CC700C01D141ADB00A21FAC /* Cocoa.framework in Frameworks */ = {isa = PBXBuildFile; fileRef = 3C86EDAF1D1029D700D83A25 /* Cocoa.framework */; };
		3CC700C11D141ADF00A21FAC /* libglfw3.a in Frameworks */ = {isa = PBXBuildFile; fileRef = 3CC16A871D12E0ED0080F62C /* libglfw3.a */; };
		3CC700C31D1455A400A21FAC /* libglfw3.a in Frameworks */ = {isa = PBXBuildFile; fileRef = 3CC16A871D12E0ED0080F62C /* libglfw3.a */; };
		3CC700C71D14DD4200A21FAC /* ShaderReader.cpp in Sources */ = {isa = PBXBuildFile; fileRef = 3CC700C51D14DD4200A21FAC /* ShaderReader.cpp */; };
		3CC700DE1D152E8000A21FAC /* main.cpp in Sources */ = {isa = PBXBuildFile; fileRef = 3CC700DC1D152E6200A21FAC /* main.cpp */; };
		3CC700DF1D152E9300A21FAC /* ShaderReader.cpp in Sources */ = {isa = PBXBuildFile; fileRef = 3CC700C51D14DD4200A21FAC /* ShaderReader.cpp */; };
		3CC700E01D152EF000A21FAC /* libglfw3.a in Frameworks */ = {isa = PBXBuildFile; fileRef = 3CC16A871D12E0ED0080F62C /* libglfw3.a */; };
		3CC700E21D152EF700A21FAC /* Cocoa.framework in Frameworks */ = {isa = PBXBuildFile; fileRef = 3C86EDAF1D1029D700D83A25 /* Cocoa.framework */; };
		3CC700E31D152EFC00A21FAC /* OpenGL.framework in Frameworks */ = {isa = PBXBuildFile; fileRef = 3C86EDB11D1029E000D83A25 /* OpenGL.framework */; };
		3CC700E41D152F0200A21FAC /* CoreVideo.framework in Frameworks */ = {isa = PBXBuildFile; fileRef = 3C86EDAB1D1029C800D83A25 /* CoreVideo.framework */; };
		3CC700E51D152F0600A21FAC /* GLUT.framework in Frameworks */ = {isa = PBXBuildFile; fileRef = 3C86EDB31D1029E400D83A25 /* GLUT.framework */; };
		3CC700E61D152F1800A21FAC /* IOKit.framework in Frameworks */ = {isa = PBXBuildFile; fileRef = 3C86EDAD1D1029D000D83A25 /* IOKit.framework */; };
		3CC701001D1530C800A21FAC /* main.cpp in Sources */ = {isa = PBXBuildFile; fileRef = 3CC700FF1D1530C800A21FAC /* main.cpp */; };
		3CC701041D1530E100A21FAC /* main.cpp in Sources */ = {isa = PBXBuildFile; fileRef = 3CC701031D1530E100A21FAC /* main.cpp */; };
		3CC701051D15312800A21FAC /* libglfw3.a in Frameworks */ = {isa = PBXBuildFile; fileRef = 3CC16A871D12E0ED0080F62C /* libglfw3.a */; };
		3CC701071D15312E00A21FAC /* OpenGL.framework in Frameworks */ = {isa = PBXBuildFile; fileRef = 3C86EDB11D1029E000D83A25 /* OpenGL.framework */; };
		3CC701081D15313200A21FAC /* GLUT.framework in Frameworks */ = {isa = PBXBuildFile; fileRef = 3C86EDB31D1029E400D83A25 /* GLUT.framework */; };
		3CC701091D15313700A21FAC /* IOKit.framework in Frameworks */ = {isa = PBXBuildFile; fileRef = 3C86EDAD1D1029D000D83A25 /* IOKit.framework */; };
		3CC7010A1D15313C00A21FAC /* CoreVideo.framework in Frameworks */ = {isa = PBXBuildFile; fileRef = 3C86EDAB1D1029C800D83A25 /* CoreVideo.framework */; };
		3CC7010B1D15314200A21FAC /* Cocoa.framework in Frameworks */ = {isa = PBXBuildFile; fileRef = 3C86EDAF1D1029D700D83A25 /* Cocoa.framework */; };
		3CC7010C1D15315500A21FAC /* Cocoa.framework in Frameworks */ = {isa = PBXBuildFile; fileRef = 3C86EDAF1D1029D700D83A25 /* Cocoa.framework */; };
		3CC7010D1D15315C00A21FAC /* GLUT.framework in Frameworks */ = {isa = PBXBuildFile; fileRef = 3C86EDB31D1029E400D83A25 /* GLUT.framework */; };
		3CC7010E1D15315C00A21FAC /* OpenGL.framework in Frameworks */ = {isa = PBXBuildFile; fileRef = 3C86EDB11D1029E000D83A25 /* OpenGL.framework */; };
		3CC7010F1D15316300A21FAC /* IOKit.framework in Frameworks */ = {isa = PBXBuildFile; fileRef = 3C86EDAD1D1029D000D83A25 /* IOKit.framework */; };
		3CC701101D15316800A21FAC /* CoreVideo.framework in Frameworks */ = {isa = PBXBuildFile; fileRef = 3C86EDAB1D1029C800D83A25 /* CoreVideo.framework */; };
		3CC701111D15316B00A21FAC /* libglfw3.a in Frameworks */ = {isa = PBXBuildFile; fileRef = 3CC16A871D12E0ED0080F62C /* libglfw3.a */; };
		3CC701131D153EC700A21FAC /* ShaderReader.cpp in Sources */ = {isa = PBXBuildFile; fileRef = 3CC700C51D14DD4200A21FAC /* ShaderReader.cpp */; };
		3CC701141D153EC800A21FAC /* ShaderReader.cpp in Sources */ = {isa = PBXBuildFile; fileRef = 3CC700C51D14DD4200A21FAC /* ShaderReader.cpp */; };
		3CF99DB81D1D5D6D0028100C /* TextureReader.cpp in Sources */ = {isa = PBXBuildFile; fileRef = 3CF99DB61D1D5D6D0028100C /* TextureReader.cpp */; };
		3CF99DB91D1D5D6D0028100C /* TextureReader.cpp in Sources */ = {isa = PBXBuildFile; fileRef = 3CF99DB61D1D5D6D0028100C /* TextureReader.cpp */; };
		3CF99DBA1D1D5D6D0028100C /* TextureReader.cpp in Sources */ = {isa = PBXBuildFile; fileRef = 3CF99DB61D1D5D6D0028100C /* TextureReader.cpp */; };
		3CF99DBB1D1D5D6D0028100C /* TextureReader.cpp in Sources */ = {isa = PBXBuildFile; fileRef = 3CF99DB61D1D5D6D0028100C /* TextureReader.cpp */; };
		3CF99DBC1D1D5D6D0028100C /* TextureReader.cpp in Sources */ = {isa = PBXBuildFile; fileRef = 3CF99DB61D1D5D6D0028100C /* TextureReader.cpp */; };
		3CF99DBD1D1D5D6D0028100C /* TextureReader.cpp in Sources */ = {isa = PBXBuildFile; fileRef = 3CF99DB61D1D5D6D0028100C /* TextureReader.cpp */; };
		3CF99DBE1D1D5D6D0028100C /* TextureReader.cpp in Sources */ = {isa = PBXBuildFile; fileRef = 3CF99DB61D1D5D6D0028100C /* TextureReader.cpp */; };
		3CF99DBF1D1D5D6D0028100C /* TextureReader.cpp in Sources */ = {isa = PBXBuildFile; fileRef = 3CF99DB61D1D5D6D0028100C /* TextureReader.cpp */; };
		3CF99DC01D1D5D6D0028100C /* TextureReader.cpp in Sources */ = {isa = PBXBuildFile; fileRef = 3CF99DB61D1D5D6D0028100C /* TextureReader.cpp */; };
		3CF99DC11D1D5D6D0028100C /* TextureReader.cpp in Sources */ = {isa = PBXBuildFile; fileRef = 3CF99DB61D1D5D6D0028100C /* TextureReader.cpp */; };
		3CF99DC21D1D5D6D0028100C /* TextureReader.cpp in Sources */ = {isa = PBXBuildFile; fileRef = 3CF99DB61D1D5D6D0028100C /* TextureReader.cpp */; };
/* End PBXBuildFile section */

/* Begin PBXCopyFilesBuildPhase section */
		3C37204E1D1832F20068ABC8 /* CopyFiles */ = {
			isa = PBXCopyFilesBuildPhase;
			buildActionMask = 2147483647;
			dstPath = /usr/share/man/man1/;
			dstSubfolderSpec = 0;
			files = (
			);
			runOnlyForDeploymentPostprocessing = 1;
		};
		3C45E54C1D1830B6007007DA /* CopyFiles */ = {
			isa = PBXCopyFilesBuildPhase;
			buildActionMask = 2147483647;
			dstPath = /usr/share/man/man1/;
			dstSubfolderSpec = 0;
			files = (
			);
			runOnlyForDeploymentPostprocessing = 1;
		};
		3C45E5571D1830D3007007DA /* CopyFiles */ = {
			isa = PBXCopyFilesBuildPhase;
			buildActionMask = 2147483647;
			dstPath = /usr/share/man/man1/;
			dstSubfolderSpec = 0;
			files = (
			);
			runOnlyForDeploymentPostprocessing = 1;
		};
		3C45E5621D1830DA007007DA /* CopyFiles */ = {
			isa = PBXCopyFilesBuildPhase;
			buildActionMask = 2147483647;
			dstPath = /usr/share/man/man1/;
			dstSubfolderSpec = 0;
			files = (
			);
			runOnlyForDeploymentPostprocessing = 1;
		};
		3C86ED9C1D1021CA00D83A25 /* CopyFiles */ = {
			isa = PBXCopyFilesBuildPhase;
			buildActionMask = 2147483647;
			dstPath = /usr/share/man/man1/;
			dstSubfolderSpec = 0;
			files = (
			);
			runOnlyForDeploymentPostprocessing = 1;
		};
		3CC16A771D12D3090080F62C /* CopyFiles */ = {
			isa = PBXCopyFilesBuildPhase;
			buildActionMask = 2147483647;
			dstPath = /usr/share/man/man1/;
			dstSubfolderSpec = 0;
			files = (
			);
			runOnlyForDeploymentPostprocessing = 1;
		};
		3CC16A8D1D12F71B0080F62C /* CopyFiles */ = {
			isa = PBXCopyFilesBuildPhase;
			buildActionMask = 2147483647;
			dstPath = /usr/share/man/man1/;
			dstSubfolderSpec = 0;
			files = (
			);
			runOnlyForDeploymentPostprocessing = 1;
		};
		3CC700B01D14149F00A21FAC /* CopyFiles */ = {
			isa = PBXCopyFilesBuildPhase;
			buildActionMask = 2147483647;
			dstPath = /usr/share/man/man1/;
			dstSubfolderSpec = 0;
			files = (
			);
			runOnlyForDeploymentPostprocessing = 1;
		};
		3CC700D11D152E4100A21FAC /* CopyFiles */ = {
			isa = PBXCopyFilesBuildPhase;
			buildActionMask = 2147483647;
			dstPath = /usr/share/man/man1/;
			dstSubfolderSpec = 0;
			files = (
			);
			runOnlyForDeploymentPostprocessing = 1;
		};
		3CC700E91D15305A00A21FAC /* CopyFiles */ = {
			isa = PBXCopyFilesBuildPhase;
			buildActionMask = 2147483647;
			dstPath = /usr/share/man/man1/;
			dstSubfolderSpec = 0;
			files = (
			);
			runOnlyForDeploymentPostprocessing = 1;
		};
		3CC700F41D15306600A21FAC /* CopyFiles */ = {
			isa = PBXCopyFilesBuildPhase;
			buildActionMask = 2147483647;
			dstPath = /usr/share/man/man1/;
			dstSubfolderSpec = 0;
			files = (
			);
			runOnlyForDeploymentPostprocessing = 1;
		};
/* End PBXCopyFilesBuildPhase section */

/* Begin PBXFileReference section */
		3C3720461D1832C30068ABC8 /* main.cpp */ = {isa = PBXFileReference; fileEncoding = 4; lastKnownFileType = sourcecode.cpp.cpp; name = main.cpp; path = "../Files/Exercises/Getting Start/Texture/3/main.cpp"; sourceTree = SOURCE_ROOT; };
		3C3720481D1832D00068ABC8 /* main.cpp */ = {isa = PBXFileReference; fileEncoding = 4; lastKnownFileType = sourcecode.cpp.cpp; name = main.cpp; path = "../Files/Exercises/Getting Start/Texture/2/main.cpp"; sourceTree = SOURCE_ROOT; };
		3C37204A1D1832D90068ABC8 /* main.cpp */ = {isa = PBXFileReference; fileEncoding = 4; lastKnownFileType = sourcecode.cpp.cpp; name = main.cpp; path = "../Files/Exercises/Getting Start/Texture/1/main.cpp"; sourceTree = SOURCE_ROOT; };
		3C3720501D1832F20068ABC8 /* EX_GS_Tex_4 */ = {isa = PBXFileReference; explicitFileType = "compiled.mach-o.executable"; includeInIndex = 0; path = EX_GS_Tex_4; sourceTree = BUILT_PRODUCTS_DIR; };
		3C3720571D1833640068ABC8 /* main.cpp */ = {isa = PBXFileReference; fileEncoding = 4; lastKnownFileType = sourcecode.cpp.cpp; name = main.cpp; path = "../Files/Exercises/Getting Start/Texture/4/main.cpp"; sourceTree = SOURCE_ROOT; };
		3C3720791D1842750068ABC8 /* CommonSettings.cpp */ = {isa = PBXFileReference; fileEncoding = 4; lastKnownFileType = sourcecode.cpp.cpp; name = CommonSettings.cpp; path = "../Files/Getting Start/CommonSettings.cpp"; sourceTree = "<group>"; };
		3C37207A1D1842750068ABC8 /* CommonSettings.hpp */ = {isa = PBXFileReference; fileEncoding = 4; lastKnownFileType = sourcecode.cpp.h; name = CommonSettings.hpp; path = "../Files/Getting Start/CommonSettings.hpp"; sourceTree = "<group>"; };
		3C37208A1D185C470068ABC8 /* EX_GS_Tex_1_Vertex.shader */ = {isa = PBXFileReference; explicitFileType = sourcecode.glsl; fileEncoding = 4; path = EX_GS_Tex_1_Vertex.shader; sourceTree = "<group>"; };
		3C37208B1D185C470068ABC8 /* EX_GS_Tex_1_Fragment.shader */ = {isa = PBXFileReference; explicitFileType = sourcecode.glsl; fileEncoding = 4; path = EX_GS_Tex_1_Fragment.shader; sourceTree = "<group>"; };
		3C37208E1D19758B0068ABC8 /* EX_GS_Tex_2_Vertex.shader */ = {isa = PBXFileReference; explicitFileType = sourcecode.glsl; fileEncoding = 4; path = EX_GS_Tex_2_Vertex.shader; sourceTree = "<group>"; };
		3C37208F1D19758B0068ABC8 /* EX_GS_Tex_2_Fragment.shader */ = {isa = PBXFileReference; explicitFileType = sourcecode.glsl; fileEncoding = 4; path = EX_GS_Tex_2_Fragment.shader; sourceTree = "<group>"; };
		3C4290991D12FAE200736950 /* main.cpp */ = {isa = PBXFileReference; fileEncoding = 4; lastKnownFileType = sourcecode.cpp.cpp; name = main.cpp; path = "../Files/Exercises/Getting Start/Hello_Triangle/2/main.cpp"; sourceTree = SOURCE_ROOT; };
		3C45E5251D16F33F007007DA /* awesomeface.png */ = {isa = PBXFileReference; lastKnownFileType = image.png; name = awesomeface.png; path = "../Files/Getting Start/Resources/awesomeface.png"; sourceTree = "<group>"; };
		3C45E52E1D182E04007007DA /* libSOIL.a */ = {isa = PBXFileReference; lastKnownFileType = archive.ar; name = libSOIL.a; path = ../Libs/libSOIL.a; sourceTree = "<group>"; };
		3C45E5421D182F86007007DA /* libGLEW.a */ = {isa = PBXFileReference; lastKnownFileType = archive.ar; name = libGLEW.a; path = ../Libs/libGLEW.a; sourceTree = "<group>"; };
		3C45E54E1D1830B6007007DA /* EX_GS_Tex_1 */ = {isa = PBXFileReference; explicitFileType = "compiled.mach-o.executable"; includeInIndex = 0; path = EX_GS_Tex_1; sourceTree = BUILT_PRODUCTS_DIR; };
		3C45E5591D1830D3007007DA /* EX_GS_Tex_2 */ = {isa = PBXFileReference; explicitFileType = "compiled.mach-o.executable"; includeInIndex = 0; path = EX_GS_Tex_2; sourceTree = BUILT_PRODUCTS_DIR; };
		3C45E5641D1830DA007007DA /* EX_GS_Tex_3 */ = {isa = PBXFileReference; explicitFileType = "compiled.mach-o.executable"; includeInIndex = 0; path = EX_GS_Tex_3; sourceTree = BUILT_PRODUCTS_DIR; };
		3C86ED9E1D1021CA00D83A25 /* Mac */ = {isa = PBXFileReference; explicitFileType = "compiled.mach-o.executable"; includeInIndex = 0; path = Mac; sourceTree = BUILT_PRODUCTS_DIR; };
		3C86EDA91D10221500D83A25 /* main.cpp */ = {isa = PBXFileReference; fileEncoding = 4; lastKnownFileType = sourcecode.cpp.cpp; name = main.cpp; path = "../Files/Getting Start/main.cpp"; sourceTree = "<group>"; };
		3C86EDAB1D1029C800D83A25 /* CoreVideo.framework */ = {isa = PBXFileReference; lastKnownFileType = wrapper.framework; name = CoreVideo.framework; path = System/Library/Frameworks/CoreVideo.framework; sourceTree = SDKROOT; };
		3C86EDAD1D1029D000D83A25 /* IOKit.framework */ = {isa = PBXFileReference; lastKnownFileType = wrapper.framework; name = IOKit.framework; path = System/Library/Frameworks/IOKit.framework; sourceTree = SDKROOT; };
		3C86EDAF1D1029D700D83A25 /* Cocoa.framework */ = {isa = PBXFileReference; lastKnownFileType = wrapper.framework; name = Cocoa.framework; path = System/Library/Frameworks/Cocoa.framework; sourceTree = SDKROOT; };
		3C86EDB11D1029E000D83A25 /* OpenGL.framework */ = {isa = PBXFileReference; lastKnownFileType = wrapper.framework; name = OpenGL.framework; path = System/Library/Frameworks/OpenGL.framework; sourceTree = SDKROOT; };
		3C86EDB31D1029E400D83A25 /* GLUT.framework */ = {isa = PBXFileReference; lastKnownFileType = wrapper.framework; name = GLUT.framework; path = System/Library/Frameworks/GLUT.framework; sourceTree = SDKROOT; };
		3CC16A791D12D3090080F62C /* EX_GS_HT_1 */ = {isa = PBXFileReference; explicitFileType = "compiled.mach-o.executable"; includeInIndex = 0; path = EX_GS_HT_1; sourceTree = BUILT_PRODUCTS_DIR; };
		3CC16A871D12E0ED0080F62C /* libglfw3.a */ = {isa = PBXFileReference; lastKnownFileType = archive.ar; name = libglfw3.a; path = ../Libs/libglfw3.a; sourceTree = "<group>"; };
		3CC16A8F1D12F71B0080F62C /* EX_GS_HT_2 */ = {isa = PBXFileReference; explicitFileType = "compiled.mach-o.executable"; includeInIndex = 0; path = EX_GS_HT_2; sourceTree = BUILT_PRODUCTS_DIR; };
		3CC16AAA1D12F9570080F62C /* main.cpp */ = {isa = PBXFileReference; fileEncoding = 4; lastKnownFileType = sourcecode.cpp.cpp; name = main.cpp; path = "../Files/Exercises/Getting Start/Hello_Triangle/1/main.cpp"; sourceTree = SOURCE_ROOT; };
		3CC700B21D14149F00A21FAC /* EX_GS_HT_3 */ = {isa = PBXFileReference; explicitFileType = "compiled.mach-o.executable"; includeInIndex = 0; path = EX_GS_HT_3; sourceTree = BUILT_PRODUCTS_DIR; };
		3CC700B91D14153B00A21FAC /* main.cpp */ = {isa = PBXFileReference; fileEncoding = 4; lastKnownFileType = sourcecode.cpp.cpp; name = main.cpp; path = "../Files/Exercises/Getting Start/Hello_Triangle/3/main.cpp"; sourceTree = SOURCE_ROOT; };
		3CC700C51D14DD4200A21FAC /* ShaderReader.cpp */ = {isa = PBXFileReference; fileEncoding = 4; lastKnownFileType = sourcecode.cpp.cpp; name = ShaderReader.cpp; path = ../Files/Classes/ShaderReader.cpp; sourceTree = "<group>"; };
		3CC700C61D14DD4200A21FAC /* ShaderReader.hpp */ = {isa = PBXFileReference; fileEncoding = 4; lastKnownFileType = sourcecode.cpp.h; name = ShaderReader.hpp; path = ../Files/Classes/ShaderReader.hpp; sourceTree = "<group>"; };
		3CC700CC1D1506E200A21FAC /* shader_test7.vs */ = {isa = PBXFileReference; fileEncoding = 4; lastKnownFileType = sourcecode.glsl; name = shader_test7.vs; path = "../Files/Getting Start/Shaders/shader_test7.vs"; sourceTree = "<group>"; };
		3CC700CD1D15070000A21FAC /* shader_test7.frag */ = {isa = PBXFileReference; fileEncoding = 4; lastKnownFileType = sourcecode.glsl; name = shader_test7.frag; path = "../Files/Getting Start/Shaders/shader_test7.frag"; sourceTree = "<group>"; };
		3CC700D31D152E4100A21FAC /* EX_GS_S_1 */ = {isa = PBXFileReference; explicitFileType = "compiled.mach-o.executable"; includeInIndex = 0; path = EX_GS_S_1; sourceTree = BUILT_PRODUCTS_DIR; };
		3CC700DA1D152E6200A21FAC /* EX_GS_S_1_Fragment.shader */ = {isa = PBXFileReference; explicitFileType = sourcecode.glsl; fileEncoding = 4; name = EX_GS_S_1_Fragment.shader; path = "../Files/Exercises/Getting Start/Shader/1/EX_GS_S_1_Fragment.shader"; sourceTree = SOURCE_ROOT; };
		3CC700DB1D152E6200A21FAC /* EX_GS_S_1_Vertex.shader */ = {isa = PBXFileReference; explicitFileType = sourcecode.glsl; fileEncoding = 4; lineEnding = 0; name = EX_GS_S_1_Vertex.shader; path = "../Files/Exercises/Getting Start/Shader/1/EX_GS_S_1_Vertex.shader"; sourceTree = SOURCE_ROOT; usesTabs = 0; };
		3CC700DC1D152E6200A21FAC /* main.cpp */ = {isa = PBXFileReference; fileEncoding = 4; lastKnownFileType = sourcecode.cpp.cpp; name = main.cpp; path = "../Files/Exercises/Getting Start/Shader/1/main.cpp"; sourceTree = SOURCE_ROOT; };
		3CC700EB1D15305A00A21FAC /* EX_GS_S_2 */ = {isa = PBXFileReference; explicitFileType = "compiled.mach-o.executable"; includeInIndex = 0; path = EX_GS_S_2; sourceTree = BUILT_PRODUCTS_DIR; };
		3CC700F61D15306600A21FAC /* EX_GS_S_3 */ = {isa = PBXFileReference; explicitFileType = "compiled.mach-o.executable"; includeInIndex = 0; path = EX_GS_S_3; sourceTree = BUILT_PRODUCTS_DIR; };
		3CC700FD1D1530C800A21FAC /* EX_GS_S_2_Fragment.shader */ = {isa = PBXFileReference; explicitFileType = sourcecode.glsl; fileEncoding = 4; name = EX_GS_S_2_Fragment.shader; path = "../Files/Exercises/Getting Start/Shader/2/EX_GS_S_2_Fragment.shader"; sourceTree = "<group>"; };
		3CC700FE1D1530C800A21FAC /* EX_GS_S_2_Vertex.shader */ = {isa = PBXFileReference; explicitFileType = sourcecode.glsl; fileEncoding = 4; name = EX_GS_S_2_Vertex.shader; path = "../Files/Exercises/Getting Start/Shader/2/EX_GS_S_2_Vertex.shader"; sourceTree = "<group>"; };
		3CC700FF1D1530C800A21FAC /* main.cpp */ = {isa = PBXFileReference; fileEncoding = 4; lastKnownFileType = sourcecode.cpp.cpp; name = main.cpp; path = "../Files/Exercises/Getting Start/Shader/2/main.cpp"; sourceTree = "<group>"; };
		3CC701011D1530E100A21FAC /* EX_GS_S_3_Fragment.shader */ = {isa = PBXFileReference; explicitFileType = sourcecode.glsl; fileEncoding = 4; name = EX_GS_S_3_Fragment.shader; path = "../Files/Exercises/Getting Start/Shader/3/EX_GS_S_3_Fragment.shader"; sourceTree = "<group>"; };
		3CC701021D1530E100A21FAC /* EX_GS_S_3_Vertex.shader */ = {isa = PBXFileReference; explicitFileType = sourcecode.glsl; fileEncoding = 4; name = EX_GS_S_3_Vertex.shader; path = "../Files/Exercises/Getting Start/Shader/3/EX_GS_S_3_Vertex.shader"; sourceTree = "<group>"; };
		3CC701031D1530E100A21FAC /* main.cpp */ = {isa = PBXFileReference; fileEncoding = 4; lastKnownFileType = sourcecode.cpp.cpp; name = main.cpp; path = "../Files/Exercises/Getting Start/Shader/3/main.cpp"; sourceTree = "<group>"; };
		3CC701351D15AA3C00A21FAC /* wall.jpg */ = {isa = PBXFileReference; lastKnownFileType = image.jpeg; name = wall.jpg; path = "../Files/Getting Start/Resources/wall.jpg"; sourceTree = "<group>"; };
		3CC7013F1D1622E900A21FAC /* shader_test8.frag */ = {isa = PBXFileReference; fileEncoding = 4; lastKnownFileType = sourcecode.glsl; name = shader_test8.frag; path = "../Files/Getting Start/Shaders/shader_test8.frag"; sourceTree = SOURCE_ROOT; };
		3CC701401D1622E900A21FAC /* shader_test8.vs */ = {isa = PBXFileReference; fileEncoding = 4; lastKnownFileType = sourcecode.glsl; name = shader_test8.vs; path = "../Files/Getting Start/Shaders/shader_test8.vs"; sourceTree = SOURCE_ROOT; };
		3CC701421D168FA800A21FAC /* shader_test9.frag */ = {isa = PBXFileReference; fileEncoding = 4; lastKnownFileType = sourcecode.glsl; name = shader_test9.frag; path = "../Files/Getting Start/Shaders/shader_test9.frag"; sourceTree = "<group>"; };
		3CC701431D168FA800A21FAC /* container.jpg */ = {isa = PBXFileReference; lastKnownFileType = image.jpeg; name = container.jpg; path = "../Files/Getting Start/Resources/container.jpg"; sourceTree = "<group>"; };
		3CC701441D168FA800A21FAC /* shader_test9.vs */ = {isa = PBXFileReference; fileEncoding = 4; lastKnownFileType = sourcecode.glsl; name = shader_test9.vs; path = "../Files/Getting Start/Shaders/shader_test9.vs"; sourceTree = "<group>"; };
		3CF99DB41D1AE2D00028100C /* EX_GS_Tex_3_Vertex.shader */ = {isa = PBXFileReference; explicitFileType = sourcecode.glsl; fileEncoding = 4; path = EX_GS_Tex_3_Vertex.shader; sourceTree = "<group>"; };
		3CF99DB51D1AE2D00028100C /* EX_GS_Tex_3_Fragment.shader */ = {isa = PBXFileReference; explicitFileType = sourcecode.glsl; fileEncoding = 4; path = EX_GS_Tex_3_Fragment.shader; sourceTree = "<group>"; };
		3CF99DB61D1D5D6D0028100C /* TextureReader.cpp */ = {isa = PBXFileReference; fileEncoding = 4; lastKnownFileType = sourcecode.cpp.cpp; name = TextureReader.cpp; path = ../Files/Classes/TextureReader.cpp; sourceTree = "<group>"; };
		3CF99DB71D1D5D6D0028100C /* TextureReader.hpp */ = {isa = PBXFileReference; fileEncoding = 4; lastKnownFileType = sourcecode.cpp.h; name = TextureReader.hpp; path = ../Files/Classes/TextureReader.hpp; sourceTree = "<group>"; };
/* End PBXFileReference section */

/* Begin PBXFrameworksBuildPhase section */
		3C37204D1D1832F20068ABC8 /* Frameworks */ = {
			isa = PBXFrameworksBuildPhase;
			buildActionMask = 2147483647;
			files = (
				3C3720781D18415A0068ABC8 /* Cocoa.framework in Frameworks */,
				3C3720771D1841520068ABC8 /* CoreVideo.framework in Frameworks */,
				3C3720761D18401F0068ABC8 /* GLUT.framework in Frameworks */,
				3C3720751D1840170068ABC8 /* OpenGL.framework in Frameworks */,
				3C3720741D1840080068ABC8 /* IOKit.framework in Frameworks */,
				3C3720731D1840030068ABC8 /* libGLEW.a in Frameworks */,
				3C3720721D1840010068ABC8 /* libglfw3.a in Frameworks */,
				3C3720711D1840000068ABC8 /* libSOIL.a in Frameworks */,
			);
			runOnlyForDeploymentPostprocessing = 0;
		};
		3C45E54B1D1830B6007007DA /* Frameworks */ = {
			isa = PBXFrameworksBuildPhase;
			buildActionMask = 2147483647;
			files = (
				3C37205D1D1836560068ABC8 /* OpenGL.framework in Frameworks */,
				3C37205C1D1836380068ABC8 /* IOKit.framework in Frameworks */,
				3C37205B1D1836340068ABC8 /* CoreVideo.framework in Frameworks */,
				3C37205A1D18362F0068ABC8 /* Cocoa.framework in Frameworks */,
				3C3720591D18362B0068ABC8 /* GLUT.framework in Frameworks */,
				3C37205E1D18365A0068ABC8 /* libSOIL.a in Frameworks */,
				3C37205F1D18365D0068ABC8 /* libglfw3.a in Frameworks */,
				3C3720601D18365F0068ABC8 /* libGLEW.a in Frameworks */,
			);
			runOnlyForDeploymentPostprocessing = 0;
		};
		3C45E5561D1830D3007007DA /* Frameworks */ = {
			isa = PBXFrameworksBuildPhase;
			buildActionMask = 2147483647;
			files = (
				3C3720671D183FA90068ABC8 /* libglfw3.a in Frameworks */,
				3C3720651D183F9C0068ABC8 /* IOKit.framework in Frameworks */,
				3C3720641D183F8B0068ABC8 /* Cocoa.framework in Frameworks */,
				3C3720631D183F800068ABC8 /* CoreVideo.framework in Frameworks */,
				3C3720621D183F760068ABC8 /* OpenGL.framework in Frameworks */,
				3C3720611D183F720068ABC8 /* GLUT.framework in Frameworks */,
				3C3720661D183FA50068ABC8 /* libSOIL.a in Frameworks */,
				3C3720681D183FAD0068ABC8 /* libGLEW.a in Frameworks */,
			);
			runOnlyForDeploymentPostprocessing = 0;
		};
		3C45E5611D1830DA007007DA /* Frameworks */ = {
			isa = PBXFrameworksBuildPhase;
			buildActionMask = 2147483647;
			files = (
				3C3720701D183FF80068ABC8 /* libGLEW.a in Frameworks */,
				3C37206F1D183FF60068ABC8 /* libglfw3.a in Frameworks */,
				3C37206E1D183FF40068ABC8 /* libSOIL.a in Frameworks */,
				3C37206D1D183FF00068ABC8 /* IOKit.framework in Frameworks */,
				3C37206C1D183FD80068ABC8 /* GLUT.framework in Frameworks */,
				3C37206B1D183FD20068ABC8 /* Cocoa.framework in Frameworks */,
				3C37206A1D183FCF0068ABC8 /* CoreVideo.framework in Frameworks */,
				3C3720691D183FCA0068ABC8 /* OpenGL.framework in Frameworks */,
			);
			runOnlyForDeploymentPostprocessing = 0;
		};
		3C86ED9B1D1021CA00D83A25 /* Frameworks */ = {
			isa = PBXFrameworksBuildPhase;
			buildActionMask = 2147483647;
			files = (
				3C86EDB41D1029E400D83A25 /* GLUT.framework in Frameworks */,
				3C86EDB21D1029E000D83A25 /* OpenGL.framework in Frameworks */,
				3C45E5431D182F86007007DA /* libGLEW.a in Frameworks */,
				3C86EDB01D1029D700D83A25 /* Cocoa.framework in Frameworks */,
				3C86EDAE1D1029D000D83A25 /* IOKit.framework in Frameworks */,
				3C86EDAC1D1029C800D83A25 /* CoreVideo.framework in Frameworks */,
				3CC700C31D1455A400A21FAC /* libglfw3.a in Frameworks */,
				3C45E5361D182E27007007DA /* libSOIL.a in Frameworks */,
			);
			runOnlyForDeploymentPostprocessing = 0;
		};
		3CC16A761D12D3090080F62C /* Frameworks */ = {
			isa = PBXFrameworksBuildPhase;
			buildActionMask = 2147483647;
			files = (
				3CC16A881D12E0ED0080F62C /* libglfw3.a in Frameworks */,
				3C45E5441D182F86007007DA /* libGLEW.a in Frameworks */,
				3C45E5301D182E04007007DA /* libSOIL.a in Frameworks */,
				3CC16A861D12E0BA0080F62C /* CoreVideo.framework in Frameworks */,
				3CC16A851D12E0AB0080F62C /* IOKit.framework in Frameworks */,
				3CC16A841D12E0A70080F62C /* Cocoa.framework in Frameworks */,
				3CC16A831D12E09C0080F62C /* GLUT.framework in Frameworks */,
				3CC16A821D12E0970080F62C /* OpenGL.framework in Frameworks */,
			);
			runOnlyForDeploymentPostprocessing = 0;
		};
		3CC16A8C1D12F71B0080F62C /* Frameworks */ = {
			isa = PBXFrameworksBuildPhase;
			buildActionMask = 2147483647;
			files = (
				3CC16AA01D12F7FA0080F62C /* Cocoa.framework in Frameworks */,
				3CC16A9F1D12F7DF0080F62C /* IOKit.framework in Frameworks */,
				3C45E5451D182F86007007DA /* libGLEW.a in Frameworks */,
				3C45E5311D182E04007007DA /* libSOIL.a in Frameworks */,
				3CC16A9E1D12F7D80080F62C /* CoreVideo.framework in Frameworks */,
				3CC16A9B1D12F7940080F62C /* OpenGL.framework in Frameworks */,
				3CC16A9A1D12F78F0080F62C /* GLUT.framework in Frameworks */,
				3CC16A9C1D12F7A30080F62C /* libglfw3.a in Frameworks */,
			);
			runOnlyForDeploymentPostprocessing = 0;
		};
		3CC700AF1D14149F00A21FAC /* Frameworks */ = {
			isa = PBXFrameworksBuildPhase;
			buildActionMask = 2147483647;
			files = (
				3CC700C01D141ADB00A21FAC /* Cocoa.framework in Frameworks */,
				3CC700BF1D141AA100A21FAC /* CoreVideo.framework in Frameworks */,
				3C45E5461D182F86007007DA /* libGLEW.a in Frameworks */,
				3C45E5321D182E04007007DA /* libSOIL.a in Frameworks */,
				3CC700BE1D141A9700A21FAC /* IOKit.framework in Frameworks */,
				3CC700BD1D141A9400A21FAC /* OpenGL.framework in Frameworks */,
				3CC700BC1D141A8F00A21FAC /* GLUT.framework in Frameworks */,
				3CC700C11D141ADF00A21FAC /* libglfw3.a in Frameworks */,
			);
			runOnlyForDeploymentPostprocessing = 0;
		};
		3CC700D01D152E4100A21FAC /* Frameworks */ = {
			isa = PBXFrameworksBuildPhase;
			buildActionMask = 2147483647;
			files = (
				3CC700E61D152F1800A21FAC /* IOKit.framework in Frameworks */,
				3CC700E51D152F0600A21FAC /* GLUT.framework in Frameworks */,
				3C45E5471D182F86007007DA /* libGLEW.a in Frameworks */,
				3C45E5331D182E04007007DA /* libSOIL.a in Frameworks */,
				3CC700E41D152F0200A21FAC /* CoreVideo.framework in Frameworks */,
				3CC700E31D152EFC00A21FAC /* OpenGL.framework in Frameworks */,
				3CC700E21D152EF700A21FAC /* Cocoa.framework in Frameworks */,
				3CC700E01D152EF000A21FAC /* libglfw3.a in Frameworks */,
			);
			runOnlyForDeploymentPostprocessing = 0;
		};
		3CC700E81D15305A00A21FAC /* Frameworks */ = {
			isa = PBXFrameworksBuildPhase;
			buildActionMask = 2147483647;
			files = (
				3CC7010B1D15314200A21FAC /* Cocoa.framework in Frameworks */,
				3CC7010A1D15313C00A21FAC /* CoreVideo.framework in Frameworks */,
				3C45E5481D182F86007007DA /* libGLEW.a in Frameworks */,
				3C45E5341D182E04007007DA /* libSOIL.a in Frameworks */,
				3CC701091D15313700A21FAC /* IOKit.framework in Frameworks */,
				3CC701081D15313200A21FAC /* GLUT.framework in Frameworks */,
				3CC701071D15312E00A21FAC /* OpenGL.framework in Frameworks */,
				3CC701051D15312800A21FAC /* libglfw3.a in Frameworks */,
			);
			runOnlyForDeploymentPostprocessing = 0;
		};
		3CC700F31D15306600A21FAC /* Frameworks */ = {
			isa = PBXFrameworksBuildPhase;
			buildActionMask = 2147483647;
			files = (
				3CC701101D15316800A21FAC /* CoreVideo.framework in Frameworks */,
				3CC7010F1D15316300A21FAC /* IOKit.framework in Frameworks */,
				3C45E5491D182F86007007DA /* libGLEW.a in Frameworks */,
				3C45E5351D182E04007007DA /* libSOIL.a in Frameworks */,
				3CC7010D1D15315C00A21FAC /* GLUT.framework in Frameworks */,
				3CC7010E1D15315C00A21FAC /* OpenGL.framework in Frameworks */,
				3CC701111D15316B00A21FAC /* libglfw3.a in Frameworks */,
				3CC7010C1D15315500A21FAC /* Cocoa.framework in Frameworks */,
			);
			runOnlyForDeploymentPostprocessing = 0;
		};
/* End PBXFrameworksBuildPhase section */

/* Begin PBXGroup section */
		3C3720511D1832F20068ABC8 /* EX_GS_Tex_4 */ = {
			isa = PBXGroup;
			children = (
				3C3720571D1833640068ABC8 /* main.cpp */,
			);
			name = EX_GS_Tex_4;
			path = "../Files/Exercises/Getting Start/Texture/4";
			sourceTree = "<group>";
		};
		3C42909C1D12FBB600736950 /* EX */ = {
			isa = PBXGroup;
			children = (
				3C45E54F1D1830B6007007DA /* EX_GS_Tex_1 */,
				3C45E55A1D1830D3007007DA /* EX_GS_Tex_2 */,
				3C45E5651D1830DA007007DA /* EX_GS_Tex_3 */,
				3C3720511D1832F20068ABC8 /* EX_GS_Tex_4 */,
				3CC700D41D152E4100A21FAC /* EX_GS_S_1 */,
				3CC700EC1D15305A00A21FAC /* EX_GS_S_2 */,
				3CC700F71D15306600A21FAC /* EX_GS_S_3 */,
				3CC700B31D14149F00A21FAC /* EX_GS_HT_3 */,
				3CC16A7A1D12D3090080F62C /* EX_GS_HT_1 */,
				3CC16A901D12F71B0080F62C /* EX_GS_HT_2 */,
			);
			name = EX;
			path = EX_GS_HT_1;
			sourceTree = "<group>";
		};
		3C45E5371D182E62007007DA /* Classes */ = {
			isa = PBXGroup;
			children = (
				3CF99DC31D1D60B10028100C /* Texture Class */,
				3CC700C41D14DCFD00A21FAC /* Shader Class */,
			);
			name = Classes;
			sourceTree = "<group>";
		};
		3C45E54F1D1830B6007007DA /* EX_GS_Tex_1 */ = {
			isa = PBXGroup;
			children = (
				3C37208A1D185C470068ABC8 /* EX_GS_Tex_1_Vertex.shader */,
				3C37208B1D185C470068ABC8 /* EX_GS_Tex_1_Fragment.shader */,
				3C37204A1D1832D90068ABC8 /* main.cpp */,
			);
			name = EX_GS_Tex_1;
			path = "../Files/Exercises/Getting Start/Texture/1";
			sourceTree = SOURCE_ROOT;
		};
		3C45E55A1D1830D3007007DA /* EX_GS_Tex_2 */ = {
			isa = PBXGroup;
			children = (
				3C37208E1D19758B0068ABC8 /* EX_GS_Tex_2_Vertex.shader */,
				3C37208F1D19758B0068ABC8 /* EX_GS_Tex_2_Fragment.shader */,
				3C3720481D1832D00068ABC8 /* main.cpp */,
			);
			name = EX_GS_Tex_2;
			path = "../Files/Exercises/Getting Start/Texture/2";
			sourceTree = "<group>";
		};
		3C45E5651D1830DA007007DA /* EX_GS_Tex_3 */ = {
			isa = PBXGroup;
			children = (
				3CF99DB41D1AE2D00028100C /* EX_GS_Tex_3_Vertex.shader */,
				3CF99DB51D1AE2D00028100C /* EX_GS_Tex_3_Fragment.shader */,
				3C3720461D1832C30068ABC8 /* main.cpp */,
			);
			name = EX_GS_Tex_3;
			path = "../Files/Exercises/Getting Start/Texture/3";
			sourceTree = "<group>";
		};
		3C86ED951D1021CA00D83A25 = {
			isa = PBXGroup;
			children = (
				3C45E5371D182E62007007DA /* Classes */,
				3C45E52E1D182E04007007DA /* libSOIL.a */,
				3CC16A871D12E0ED0080F62C /* libglfw3.a */,
				3C45E5421D182F86007007DA /* libGLEW.a */,
				3C86EDB31D1029E400D83A25 /* GLUT.framework */,
				3C86EDB11D1029E000D83A25 /* OpenGL.framework */,
				3C86EDAF1D1029D700D83A25 /* Cocoa.framework */,
				3C86EDAD1D1029D000D83A25 /* IOKit.framework */,
				3C86EDAB1D1029C800D83A25 /* CoreVideo.framework */,
				3C86ED9F1D1021CA00D83A25 /* Products */,
				3C86EDA81D1021D500D83A25 /* Getting Start */,
			);
			sourceTree = "<group>";
		};
		3C86ED9F1D1021CA00D83A25 /* Products */ = {
			isa = PBXGroup;
			children = (
				3C86ED9E1D1021CA00D83A25 /* Mac */,
				3CC16A791D12D3090080F62C /* EX_GS_HT_1 */,
				3CC16A8F1D12F71B0080F62C /* EX_GS_HT_2 */,
				3CC700B21D14149F00A21FAC /* EX_GS_HT_3 */,
				3CC700D31D152E4100A21FAC /* EX_GS_S_1 */,
				3CC700EB1D15305A00A21FAC /* EX_GS_S_2 */,
				3CC700F61D15306600A21FAC /* EX_GS_S_3 */,
				3C45E54E1D1830B6007007DA /* EX_GS_Tex_1 */,
				3C45E5591D1830D3007007DA /* EX_GS_Tex_2 */,
				3C45E5641D1830DA007007DA /* EX_GS_Tex_3 */,
				3C3720501D1832F20068ABC8 /* EX_GS_Tex_4 */,
			);
			name = Products;
			sourceTree = "<group>";
		};
		3C86EDA81D1021D500D83A25 /* Getting Start */ = {
			isa = PBXGroup;
			children = (
				3C86EDA91D10221500D83A25 /* main.cpp */,
				3CC7013E1D1622D800A21FAC /* Shaders */,
				3CC701341D15AA2E00A21FAC /* Textures */,
				3C42909C1D12FBB600736950 /* EX */,
				3C3720791D1842750068ABC8 /* CommonSettings.cpp */,
				3C37207A1D1842750068ABC8 /* CommonSettings.hpp */,
			);
			name = "Getting Start";
			sourceTree = "<group>";
		};
		3CC16A7A1D12D3090080F62C /* EX_GS_HT_1 */ = {
			isa = PBXGroup;
			children = (
				3CC16AAA1D12F9570080F62C /* main.cpp */,
			);
			name = EX_GS_HT_1;
			sourceTree = "<group>";
		};
		3CC16A901D12F71B0080F62C /* EX_GS_HT_2 */ = {
			isa = PBXGroup;
			children = (
				3C4290991D12FAE200736950 /* main.cpp */,
			);
			name = EX_GS_HT_2;
			path = ../EX_GS_HT_2;
			sourceTree = "<group>";
		};
		3CC700B31D14149F00A21FAC /* EX_GS_HT_3 */ = {
			isa = PBXGroup;
			children = (
				3CC700B91D14153B00A21FAC /* main.cpp */,
			);
			name = EX_GS_HT_3;
			path = "../Files/Exercises/Getting Start/Hello_Triangle/3";
			sourceTree = "<group>";
		};
		3CC700C41D14DCFD00A21FAC /* Shader Class */ = {
			isa = PBXGroup;
			children = (
				3CC700C51D14DD4200A21FAC /* ShaderReader.cpp */,
				3CC700C61D14DD4200A21FAC /* ShaderReader.hpp */,
			);
			name = "Shader Class";
			sourceTree = "<group>";
		};
		3CC700D41D152E4100A21FAC /* EX_GS_S_1 */ = {
			isa = PBXGroup;
			children = (
				3CC700DA1D152E6200A21FAC /* EX_GS_S_1_Fragment.shader */,
				3CC700DB1D152E6200A21FAC /* EX_GS_S_1_Vertex.shader */,
				3CC700DC1D152E6200A21FAC /* main.cpp */,
			);
			name = EX_GS_S_1;
			path = ../EX_GS_S_1;
			sourceTree = "<group>";
		};
		3CC700EC1D15305A00A21FAC /* EX_GS_S_2 */ = {
			isa = PBXGroup;
			children = (
				3CC700FD1D1530C800A21FAC /* EX_GS_S_2_Fragment.shader */,
				3CC700FE1D1530C800A21FAC /* EX_GS_S_2_Vertex.shader */,
				3CC700FF1D1530C800A21FAC /* main.cpp */,
			);
			name = EX_GS_S_2;
			path = ../EX_GS_S_2;
			sourceTree = SOURCE_ROOT;
		};
		3CC700F71D15306600A21FAC /* EX_GS_S_3 */ = {
			isa = PBXGroup;
			children = (
				3CC701011D1530E100A21FAC /* EX_GS_S_3_Fragment.shader */,
				3CC701021D1530E100A21FAC /* EX_GS_S_3_Vertex.shader */,
				3CC701031D1530E100A21FAC /* main.cpp */,
			);
			name = EX_GS_S_3;
			path = ../EX_GS_S_3;
			sourceTree = SOURCE_ROOT;
		};
		3CC701341D15AA2E00A21FAC /* Textures */ = {
			isa = PBXGroup;
			children = (
				3C45E5251D16F33F007007DA /* awesomeface.png */,
				3CC701431D168FA800A21FAC /* container.jpg */,
				3CC701351D15AA3C00A21FAC /* wall.jpg */,
			);
			name = Textures;
			sourceTree = "<group>";
		};
		3CC7013E1D1622D800A21FAC /* Shaders */ = {
			isa = PBXGroup;
			children = (
				3CC701421D168FA800A21FAC /* shader_test9.frag */,
				3CC701441D168FA800A21FAC /* shader_test9.vs */,
				3CC7013F1D1622E900A21FAC /* shader_test8.frag */,
				3CC701401D1622E900A21FAC /* shader_test8.vs */,
				3CC700CC1D1506E200A21FAC /* shader_test7.vs */,
				3CC700CD1D15070000A21FAC /* shader_test7.frag */,
			);
			name = Shaders;
			sourceTree = "<group>";
		};
		3CF99DC31D1D60B10028100C /* Texture Class */ = {
			isa = PBXGroup;
			children = (
				3CF99DB61D1D5D6D0028100C /* TextureReader.cpp */,
				3CF99DB71D1D5D6D0028100C /* TextureReader.hpp */,
			);
			name = "Texture Class";
			sourceTree = "<group>";
		};
/* End PBXGroup section */

/* Begin PBXNativeTarget section */
		3C37204F1D1832F20068ABC8 /* EX_GS_Tex_4 */ = {
			isa = PBXNativeTarget;
			buildConfigurationList = 3C3720541D1832F20068ABC8 /* Build configuration list for PBXNativeTarget "EX_GS_Tex_4" */;
			buildPhases = (
				3C37204C1D1832F20068ABC8 /* Sources */,
				3C37204D1D1832F20068ABC8 /* Frameworks */,
				3C37204E1D1832F20068ABC8 /* CopyFiles */,
			);
			buildRules = (
			);
			dependencies = (
			);
			name = EX_GS_Tex_4;
			productName = EX_GS_Tex_4;
			productReference = 3C3720501D1832F20068ABC8 /* EX_GS_Tex_4 */;
			productType = "com.apple.product-type.tool";
		};
		3C45E54D1D1830B6007007DA /* EX_GS_Tex_1 */ = {
			isa = PBXNativeTarget;
			buildConfigurationList = 3C45E5521D1830B6007007DA /* Build configuration list for PBXNativeTarget "EX_GS_Tex_1" */;
			buildPhases = (
				3C45E54A1D1830B6007007DA /* Sources */,
				3C45E54B1D1830B6007007DA /* Frameworks */,
				3C45E54C1D1830B6007007DA /* CopyFiles */,
			);
			buildRules = (
			);
			dependencies = (
			);
			name = EX_GS_Tex_1;
			productName = EX_GS_Tex_1;
			productReference = 3C45E54E1D1830B6007007DA /* EX_GS_Tex_1 */;
			productType = "com.apple.product-type.tool";
		};
		3C45E5581D1830D3007007DA /* EX_GS_Tex_2 */ = {
			isa = PBXNativeTarget;
			buildConfigurationList = 3C45E55D1D1830D3007007DA /* Build configuration list for PBXNativeTarget "EX_GS_Tex_2" */;
			buildPhases = (
				3C45E5551D1830D3007007DA /* Sources */,
				3C45E5561D1830D3007007DA /* Frameworks */,
				3C45E5571D1830D3007007DA /* CopyFiles */,
			);
			buildRules = (
			);
			dependencies = (
			);
			name = EX_GS_Tex_2;
			productName = EX_GS_Tex_2;
			productReference = 3C45E5591D1830D3007007DA /* EX_GS_Tex_2 */;
			productType = "com.apple.product-type.tool";
		};
		3C45E5631D1830DA007007DA /* EX_GS_Tex_3 */ = {
			isa = PBXNativeTarget;
			buildConfigurationList = 3C45E5681D1830DA007007DA /* Build configuration list for PBXNativeTarget "EX_GS_Tex_3" */;
			buildPhases = (
				3C45E5601D1830DA007007DA /* Sources */,
				3C45E5611D1830DA007007DA /* Frameworks */,
				3C45E5621D1830DA007007DA /* CopyFiles */,
			);
			buildRules = (
			);
			dependencies = (
			);
			name = EX_GS_Tex_3;
			productName = EX_GS_Tex_3;
			productReference = 3C45E5641D1830DA007007DA /* EX_GS_Tex_3 */;
			productType = "com.apple.product-type.tool";
		};
		3C86ED9D1D1021CA00D83A25 /* Mac */ = {
			isa = PBXNativeTarget;
			buildConfigurationList = 3C86EDA51D1021CA00D83A25 /* Build configuration list for PBXNativeTarget "Mac" */;
			buildPhases = (
				3C86ED9A1D1021CA00D83A25 /* Sources */,
				3C86ED9B1D1021CA00D83A25 /* Frameworks */,
				3C86ED9C1D1021CA00D83A25 /* CopyFiles */,
			);
			buildRules = (
			);
			dependencies = (
			);
			name = Mac;
			productName = Mac;
			productReference = 3C86ED9E1D1021CA00D83A25 /* Mac */;
			productType = "com.apple.product-type.tool";
		};
		3CC16A781D12D3090080F62C /* EX_GS_HT_1 */ = {
			isa = PBXNativeTarget;
			buildConfigurationList = 3CC16A7D1D12D3090080F62C /* Build configuration list for PBXNativeTarget "EX_GS_HT_1" */;
			buildPhases = (
				3CC16A751D12D3090080F62C /* Sources */,
				3CC16A761D12D3090080F62C /* Frameworks */,
				3CC16A771D12D3090080F62C /* CopyFiles */,
			);
			buildRules = (
			);
			dependencies = (
			);
			name = EX_GS_HT_1;
			productName = EX_GS_HT_1;
			productReference = 3CC16A791D12D3090080F62C /* EX_GS_HT_1 */;
			productType = "com.apple.product-type.tool";
		};
		3CC16A8E1D12F71B0080F62C /* EX_GS_HT_2 */ = {
			isa = PBXNativeTarget;
			buildConfigurationList = 3CC16A931D12F71B0080F62C /* Build configuration list for PBXNativeTarget "EX_GS_HT_2" */;
			buildPhases = (
				3CC16A8B1D12F71B0080F62C /* Sources */,
				3CC16A8C1D12F71B0080F62C /* Frameworks */,
				3CC16A8D1D12F71B0080F62C /* CopyFiles */,
			);
			buildRules = (
			);
			dependencies = (
			);
			name = EX_GS_HT_2;
			productName = EX_GS_HT_2;
			productReference = 3CC16A8F1D12F71B0080F62C /* EX_GS_HT_2 */;
			productType = "com.apple.product-type.tool";
		};
		3CC700B11D14149F00A21FAC /* EX_GS_HT_3 */ = {
			isa = PBXNativeTarget;
			buildConfigurationList = 3CC700B61D14149F00A21FAC /* Build configuration list for PBXNativeTarget "EX_GS_HT_3" */;
			buildPhases = (
				3CC700AE1D14149F00A21FAC /* Sources */,
				3CC700AF1D14149F00A21FAC /* Frameworks */,
				3CC700B01D14149F00A21FAC /* CopyFiles */,
			);
			buildRules = (
			);
			dependencies = (
			);
			name = EX_GS_HT_3;
			productName = EX_GS_HT_3;
			productReference = 3CC700B21D14149F00A21FAC /* EX_GS_HT_3 */;
			productType = "com.apple.product-type.tool";
		};
		3CC700D21D152E4100A21FAC /* EX_GS_S_1 */ = {
			isa = PBXNativeTarget;
			buildConfigurationList = 3CC700D71D152E4100A21FAC /* Build configuration list for PBXNativeTarget "EX_GS_S_1" */;
			buildPhases = (
				3CC700CF1D152E4100A21FAC /* Sources */,
				3CC700D01D152E4100A21FAC /* Frameworks */,
				3CC700D11D152E4100A21FAC /* CopyFiles */,
			);
			buildRules = (
			);
			dependencies = (
			);
			name = EX_GS_S_1;
			productName = EX_GS_S_1;
			productReference = 3CC700D31D152E4100A21FAC /* EX_GS_S_1 */;
			productType = "com.apple.product-type.tool";
		};
		3CC700EA1D15305A00A21FAC /* EX_GS_S_2 */ = {
			isa = PBXNativeTarget;
			buildConfigurationList = 3CC700EF1D15305A00A21FAC /* Build configuration list for PBXNativeTarget "EX_GS_S_2" */;
			buildPhases = (
				3CC700E71D15305A00A21FAC /* Sources */,
				3CC700E81D15305A00A21FAC /* Frameworks */,
				3CC700E91D15305A00A21FAC /* CopyFiles */,
			);
			buildRules = (
			);
			dependencies = (
			);
			name = EX_GS_S_2;
			productName = EX_GS_S_2;
			productReference = 3CC700EB1D15305A00A21FAC /* EX_GS_S_2 */;
			productType = "com.apple.product-type.tool";
		};
		3CC700F51D15306600A21FAC /* EX_GS_S_3 */ = {
			isa = PBXNativeTarget;
			buildConfigurationList = 3CC700FA1D15306600A21FAC /* Build configuration list for PBXNativeTarget "EX_GS_S_3" */;
			buildPhases = (
				3CC700F21D15306600A21FAC /* Sources */,
				3CC700F31D15306600A21FAC /* Frameworks */,
				3CC700F41D15306600A21FAC /* CopyFiles */,
			);
			buildRules = (
			);
			dependencies = (
			);
			name = EX_GS_S_3;
			productName = EX_GS_S_3;
			productReference = 3CC700F61D15306600A21FAC /* EX_GS_S_3 */;
			productType = "com.apple.product-type.tool";
		};
/* End PBXNativeTarget section */

/* Begin PBXProject section */
		3C86ED961D1021CA00D83A25 /* Project object */ = {
			isa = PBXProject;
			attributes = {
				LastUpgradeCheck = 0720;
				ORGANIZATIONNAME = King;
				TargetAttributes = {
					3C37204F1D1832F20068ABC8 = {
						CreatedOnToolsVersion = 7.2.1;
					};
					3C45E54D1D1830B6007007DA = {
						CreatedOnToolsVersion = 7.2.1;
					};
					3C45E5581D1830D3007007DA = {
						CreatedOnToolsVersion = 7.2.1;
					};
					3C45E5631D1830DA007007DA = {
						CreatedOnToolsVersion = 7.2.1;
					};
					3C86ED9D1D1021CA00D83A25 = {
						CreatedOnToolsVersion = 7.2.1;
					};
					3CC16A781D12D3090080F62C = {
						CreatedOnToolsVersion = 7.2.1;
					};
					3CC16A8E1D12F71B0080F62C = {
						CreatedOnToolsVersion = 7.2.1;
					};
					3CC700B11D14149F00A21FAC = {
						CreatedOnToolsVersion = 7.2.1;
					};
					3CC700D21D152E4100A21FAC = {
						CreatedOnToolsVersion = 7.2.1;
					};
					3CC700EA1D15305A00A21FAC = {
						CreatedOnToolsVersion = 7.2.1;
					};
					3CC700F51D15306600A21FAC = {
						CreatedOnToolsVersion = 7.2.1;
					};
				};
			};
			buildConfigurationList = 3C86ED991D1021CA00D83A25 /* Build configuration list for PBXProject "Mac" */;
			compatibilityVersion = "Xcode 3.2";
			developmentRegion = English;
			hasScannedForEncodings = 0;
			knownRegions = (
				en,
			);
			mainGroup = 3C86ED951D1021CA00D83A25;
			productRefGroup = 3C86ED9F1D1021CA00D83A25 /* Products */;
			projectDirPath = "";
			projectRoot = "";
			targets = (
				3C86ED9D1D1021CA00D83A25 /* Mac */,
				3CC16A781D12D3090080F62C /* EX_GS_HT_1 */,
				3CC16A8E1D12F71B0080F62C /* EX_GS_HT_2 */,
				3CC700B11D14149F00A21FAC /* EX_GS_HT_3 */,
				3CC700D21D152E4100A21FAC /* EX_GS_S_1 */,
				3CC700EA1D15305A00A21FAC /* EX_GS_S_2 */,
				3CC700F51D15306600A21FAC /* EX_GS_S_3 */,
				3C45E54D1D1830B6007007DA /* EX_GS_Tex_1 */,
				3C45E5581D1830D3007007DA /* EX_GS_Tex_2 */,
				3C45E5631D1830DA007007DA /* EX_GS_Tex_3 */,
				3C37204F1D1832F20068ABC8 /* EX_GS_Tex_4 */,
			);
		};
/* End PBXProject section */

/* Begin PBXSourcesBuildPhase section */
		3C37204C1D1832F20068ABC8 /* Sources */ = {
			isa = PBXSourcesBuildPhase;
			buildActionMask = 2147483647;
			files = (
				3C3720921D1977760068ABC8 /* ShaderReader.cpp in Sources */,
				3C3720581D1833640068ABC8 /* main.cpp in Sources */,
				3CF99DC21D1D5D6D0028100C /* TextureReader.cpp in Sources */,
				3C3720851D1842750068ABC8 /* CommonSettings.cpp in Sources */,
			);
			runOnlyForDeploymentPostprocessing = 0;
		};
		3C45E54A1D1830B6007007DA /* Sources */ = {
			isa = PBXSourcesBuildPhase;
			buildActionMask = 2147483647;
			files = (
				3C37208D1D185CC40068ABC8 /* ShaderReader.cpp in Sources */,
				3C37204B1D1832D90068ABC8 /* main.cpp in Sources */,
				3CF99DBF1D1D5D6D0028100C /* TextureReader.cpp in Sources */,
				3C3720821D1842750068ABC8 /* CommonSettings.cpp in Sources */,
			);
			runOnlyForDeploymentPostprocessing = 0;
		};
		3C45E5551D1830D3007007DA /* Sources */ = {
			isa = PBXSourcesBuildPhase;
			buildActionMask = 2147483647;
			files = (
				3C3720901D1977280068ABC8 /* ShaderReader.cpp in Sources */,
				3C3720491D1832D00068ABC8 /* main.cpp in Sources */,
				3CF99DC01D1D5D6D0028100C /* TextureReader.cpp in Sources */,
				3C3720831D1842750068ABC8 /* CommonSettings.cpp in Sources */,
			);
			runOnlyForDeploymentPostprocessing = 0;
		};
		3C45E5601D1830DA007007DA /* Sources */ = {
			isa = PBXSourcesBuildPhase;
			buildActionMask = 2147483647;
			files = (
				3C3720911D19776E0068ABC8 /* ShaderReader.cpp in Sources */,
				3C3720471D1832C30068ABC8 /* main.cpp in Sources */,
				3CF99DC11D1D5D6D0028100C /* TextureReader.cpp in Sources */,
				3C3720841D1842750068ABC8 /* CommonSettings.cpp in Sources */,
			);
			runOnlyForDeploymentPostprocessing = 0;
		};
		3C86ED9A1D1021CA00D83A25 /* Sources */ = {
			isa = PBXSourcesBuildPhase;
			buildActionMask = 2147483647;
			files = (
				3C37207B1D1842750068ABC8 /* CommonSettings.cpp in Sources */,
				3C86EDAA1D10221500D83A25 /* main.cpp in Sources */,
				3CF99DB81D1D5D6D0028100C /* TextureReader.cpp in Sources */,
				3CC700C71D14DD4200A21FAC /* ShaderReader.cpp in Sources */,
			);
			runOnlyForDeploymentPostprocessing = 0;
		};
		3CC16A751D12D3090080F62C /* Sources */ = {
			isa = PBXSourcesBuildPhase;
			buildActionMask = 2147483647;
			files = (
				3CF99DB91D1D5D6D0028100C /* TextureReader.cpp in Sources */,
				3CC16AAB1D12F9570080F62C /* main.cpp in Sources */,
				3C37207C1D1842750068ABC8 /* CommonSettings.cpp in Sources */,
			);
			runOnlyForDeploymentPostprocessing = 0;
		};
		3CC16A8B1D12F71B0080F62C /* Sources */ = {
			isa = PBXSourcesBuildPhase;
			buildActionMask = 2147483647;
			files = (
				3CF99DBA1D1D5D6D0028100C /* TextureReader.cpp in Sources */,
				3C42909D1D12FE1600736950 /* main.cpp in Sources */,
				3C37207D1D1842750068ABC8 /* CommonSettings.cpp in Sources */,
			);
			runOnlyForDeploymentPostprocessing = 0;
		};
		3CC700AE1D14149F00A21FAC /* Sources */ = {
			isa = PBXSourcesBuildPhase;
			buildActionMask = 2147483647;
			files = (
				3CF99DBB1D1D5D6D0028100C /* TextureReader.cpp in Sources */,
				3CC700BB1D14155200A21FAC /* main.cpp in Sources */,
				3C37207E1D1842750068ABC8 /* CommonSettings.cpp in Sources */,
			);
			runOnlyForDeploymentPostprocessing = 0;
		};
		3CC700CF1D152E4100A21FAC /* Sources */ = {
			isa = PBXSourcesBuildPhase;
			buildActionMask = 2147483647;
			files = (
				3C37207F1D1842750068ABC8 /* CommonSettings.cpp in Sources */,
				3CC700DE1D152E8000A21FAC /* main.cpp in Sources */,
				3CF99DBC1D1D5D6D0028100C /* TextureReader.cpp in Sources */,
				3CC700DF1D152E9300A21FAC /* ShaderReader.cpp in Sources */,
			);
			runOnlyForDeploymentPostprocessing = 0;
		};
		3CC700E71D15305A00A21FAC /* Sources */ = {
			isa = PBXSourcesBuildPhase;
			buildActionMask = 2147483647;
			files = (
				3C3720801D1842750068ABC8 /* CommonSettings.cpp in Sources */,
				3CC701001D1530C800A21FAC /* main.cpp in Sources */,
				3CF99DBD1D1D5D6D0028100C /* TextureReader.cpp in Sources */,
				3CC701131D153EC700A21FAC /* ShaderReader.cpp in Sources */,
			);
			runOnlyForDeploymentPostprocessing = 0;
		};
		3CC700F21D15306600A21FAC /* Sources */ = {
			isa = PBXSourcesBuildPhase;
			buildActionMask = 2147483647;
			files = (
				3C3720811D1842750068ABC8 /* CommonSettings.cpp in Sources */,
				3CC701041D1530E100A21FAC /* main.cpp in Sources */,
				3CF99DBE1D1D5D6D0028100C /* TextureReader.cpp in Sources */,
				3CC701141D153EC800A21FAC /* ShaderReader.cpp in Sources */,
			);
			runOnlyForDeploymentPostprocessing = 0;
		};
/* End PBXSourcesBuildPhase section */

/* Begin XCBuildConfiguration section */
		3C3720551D1832F20068ABC8 /* Debug */ = {
			isa = XCBuildConfiguration;
			buildSettings = {
				ALWAYS_SEARCH_USER_PATHS = NO;
				PRODUCT_NAME = "$(TARGET_NAME)";
			};
			name = Debug;
		};
		3C3720561D1832F20068ABC8 /* Release */ = {
			isa = XCBuildConfiguration;
			buildSettings = {
				ALWAYS_SEARCH_USER_PATHS = NO;
				PRODUCT_NAME = "$(TARGET_NAME)";
			};
			name = Release;
		};
		3C45E5531D1830B6007007DA /* Debug */ = {
			isa = XCBuildConfiguration;
			buildSettings = {
				ALWAYS_SEARCH_USER_PATHS = NO;
				PRODUCT_NAME = "$(TARGET_NAME)";
			};
			name = Debug;
		};
		3C45E5541D1830B6007007DA /* Release */ = {
			isa = XCBuildConfiguration;
			buildSettings = {
				ALWAYS_SEARCH_USER_PATHS = NO;
				PRODUCT_NAME = "$(TARGET_NAME)";
			};
			name = Release;
		};
		3C45E55E1D1830D3007007DA /* Debug */ = {
			isa = XCBuildConfiguration;
			buildSettings = {
				ALWAYS_SEARCH_USER_PATHS = NO;
				PRODUCT_NAME = "$(TARGET_NAME)";
			};
			name = Debug;
		};
		3C45E55F1D1830D3007007DA /* Release */ = {
			isa = XCBuildConfiguration;
			buildSettings = {
				ALWAYS_SEARCH_USER_PATHS = NO;
				PRODUCT_NAME = "$(TARGET_NAME)";
			};
			name = Release;
		};
		3C45E5691D1830DA007007DA /* Debug */ = {
			isa = XCBuildConfiguration;
			buildSettings = {
				ALWAYS_SEARCH_USER_PATHS = NO;
				PRODUCT_NAME = "$(TARGET_NAME)";
			};
			name = Debug;
		};
		3C45E56A1D1830DA007007DA /* Release */ = {
			isa = XCBuildConfiguration;
			buildSettings = {
				ALWAYS_SEARCH_USER_PATHS = NO;
				PRODUCT_NAME = "$(TARGET_NAME)";
			};
			name = Release;
		};
		3C86EDA31D1021CA00D83A25 /* Debug */ = {
			isa = XCBuildConfiguration;
			buildSettings = {
				ALWAYS_SEARCH_USER_PATHS = YES;
				CLANG_CXX_LANGUAGE_STANDARD = "gnu++0x";
				CLANG_CXX_LIBRARY = "libc++";
				CLANG_ENABLE_MODULES = YES;
				CLANG_ENABLE_OBJC_ARC = YES;
				CLANG_WARN_BOOL_CONVERSION = YES;
				CLANG_WARN_CONSTANT_CONVERSION = YES;
				CLANG_WARN_DIRECT_OBJC_ISA_USAGE = YES_ERROR;
				CLANG_WARN_EMPTY_BODY = YES;
				CLANG_WARN_ENUM_CONVERSION = YES;
				CLANG_WARN_INT_CONVERSION = YES;
				CLANG_WARN_OBJC_ROOT_CLASS = YES_ERROR;
				CLANG_WARN_UNREACHABLE_CODE = YES;
				CLANG_WARN__DUPLICATE_METHOD_MATCH = YES;
				CODE_SIGN_IDENTITY = "-";
				COPY_PHASE_STRIP = NO;
				DEBUG_INFORMATION_FORMAT = dwarf;
				ENABLE_STRICT_OBJC_MSGSEND = YES;
				ENABLE_TESTABILITY = YES;
				GCC_C_LANGUAGE_STANDARD = gnu99;
				GCC_DYNAMIC_NO_PIC = NO;
				GCC_NO_COMMON_BLOCKS = YES;
				GCC_OPTIMIZATION_LEVEL = 0;
				GCC_PREPROCESSOR_DEFINITIONS = (
					"DEBUG=1",
					"$(inherited)",
				);
				GCC_WARN_64_TO_32_BIT_CONVERSION = YES;
				GCC_WARN_ABOUT_RETURN_TYPE = YES_ERROR;
				GCC_WARN_UNDECLARED_SELECTOR = YES;
				GCC_WARN_UNINITIALIZED_AUTOS = YES_AGGRESSIVE;
				GCC_WARN_UNUSED_FUNCTION = YES;
				GCC_WARN_UNUSED_VARIABLE = YES;
				HEADER_SEARCH_PATHS = "/Users/king/git/LearningOpenGL/Libs/Includes/**";
				LIBRARY_SEARCH_PATHS = "/Users/king/git/LearningOpenGL/Libs/**";
				MACOSX_DEPLOYMENT_TARGET = 10.10;
				MTL_ENABLE_DEBUG_INFO = YES;
				ONLY_ACTIVE_ARCH = YES;
				SDKROOT = macosx;
			};
			name = Debug;
		};
		3C86EDA41D1021CA00D83A25 /* Release */ = {
			isa = XCBuildConfiguration;
			buildSettings = {
				ALWAYS_SEARCH_USER_PATHS = YES;
				CLANG_CXX_LANGUAGE_STANDARD = "gnu++0x";
				CLANG_CXX_LIBRARY = "libc++";
				CLANG_ENABLE_MODULES = YES;
				CLANG_ENABLE_OBJC_ARC = YES;
				CLANG_WARN_BOOL_CONVERSION = YES;
				CLANG_WARN_CONSTANT_CONVERSION = YES;
				CLANG_WARN_DIRECT_OBJC_ISA_USAGE = YES_ERROR;
				CLANG_WARN_EMPTY_BODY = YES;
				CLANG_WARN_ENUM_CONVERSION = YES;
				CLANG_WARN_INT_CONVERSION = YES;
				CLANG_WARN_OBJC_ROOT_CLASS = YES_ERROR;
				CLANG_WARN_UNREACHABLE_CODE = YES;
				CLANG_WARN__DUPLICATE_METHOD_MATCH = YES;
				CODE_SIGN_IDENTITY = "-";
				COPY_PHASE_STRIP = NO;
				DEBUG_INFORMATION_FORMAT = "dwarf-with-dsym";
				ENABLE_NS_ASSERTIONS = NO;
				ENABLE_STRICT_OBJC_MSGSEND = YES;
				GCC_C_LANGUAGE_STANDARD = gnu99;
				GCC_NO_COMMON_BLOCKS = YES;
				GCC_WARN_64_TO_32_BIT_CONVERSION = YES;
				GCC_WARN_ABOUT_RETURN_TYPE = YES_ERROR;
				GCC_WARN_UNDECLARED_SELECTOR = YES;
				GCC_WARN_UNINITIALIZED_AUTOS = YES_AGGRESSIVE;
				GCC_WARN_UNUSED_FUNCTION = YES;
				GCC_WARN_UNUSED_VARIABLE = YES;
				HEADER_SEARCH_PATHS = "/Users/king/git/LearningOpenGL/Libs/Includes/**";
				LIBRARY_SEARCH_PATHS = "/Users/king/git/LearningOpenGL/Libs/**";
				MACOSX_DEPLOYMENT_TARGET = 10.10;
				MTL_ENABLE_DEBUG_INFO = NO;
				SDKROOT = macosx;
			};
			name = Release;
		};
		3C86EDA61D1021CA00D83A25 /* Debug */ = {
			isa = XCBuildConfiguration;
			buildSettings = {
				ALWAYS_SEARCH_USER_PATHS = YES;
				HEADER_SEARCH_PATHS = "/Users/king/git/LearningOpenGL/Libs/Includes/**";
				LIBRARY_SEARCH_PATHS = "/Users/king/git/LearningOpenGL/Libs/**";
				OTHER_LDFLAGS = "";
				PRODUCT_NAME = "$(TARGET_NAME)";
			};
			name = Debug;
		};
		3C86EDA71D1021CA00D83A25 /* Release */ = {
			isa = XCBuildConfiguration;
			buildSettings = {
				ALWAYS_SEARCH_USER_PATHS = YES;
				HEADER_SEARCH_PATHS = "/Users/king/git/LearningOpenGL/Libs/Includes/**";
				LIBRARY_SEARCH_PATHS = "/Users/king/git/LearningOpenGL/Libs/**";
				OTHER_LDFLAGS = "";
				PRODUCT_NAME = "$(TARGET_NAME)";
			};
			name = Release;
		};
		3CC16A7E1D12D3090080F62C /* Debug */ = {
			isa = XCBuildConfiguration;
			buildSettings = {
				HEADER_SEARCH_PATHS = "/usr/local/include/**";
				LIBRARY_SEARCH_PATHS = "/usr/local/lib/**";
				PRODUCT_NAME = "$(TARGET_NAME)";
			};
			name = Debug;
		};
		3CC16A7F1D12D3090080F62C /* Release */ = {
			isa = XCBuildConfiguration;
			buildSettings = {
				HEADER_SEARCH_PATHS = "/usr/local/include/**";
				LIBRARY_SEARCH_PATHS = "/usr/local/lib/**";
				PRODUCT_NAME = "$(TARGET_NAME)";
			};
			name = Release;
		};
		3CC16A941D12F71B0080F62C /* Debug */ = {
			isa = XCBuildConfiguration;
			buildSettings = {
				ALWAYS_SEARCH_USER_PATHS = YES;
				HEADER_SEARCH_PATHS = "/usr/local/include/**";
				LIBRARY_SEARCH_PATHS = "/usr/local/lib/**";
				PRODUCT_NAME = "$(TARGET_NAME)";
			};
			name = Debug;
		};
		3CC16A951D12F71B0080F62C /* Release */ = {
			isa = XCBuildConfiguration;
			buildSettings = {
				ALWAYS_SEARCH_USER_PATHS = YES;
				HEADER_SEARCH_PATHS = "/usr/local/include/**";
				LIBRARY_SEARCH_PATHS = "/usr/local/lib/**";
				PRODUCT_NAME = "$(TARGET_NAME)";
			};
			name = Release;
		};
		3CC700B71D14149F00A21FAC /* Debug */ = {
			isa = XCBuildConfiguration;
			buildSettings = {
				ALWAYS_SEARCH_USER_PATHS = YES;
				HEADER_SEARCH_PATHS = "/usr/local/include/**";
				LIBRARY_SEARCH_PATHS = "/usr/local/lib/**";
				PRODUCT_NAME = "$(TARGET_NAME)";
			};
			name = Debug;
		};
		3CC700B81D14149F00A21FAC /* Release */ = {
			isa = XCBuildConfiguration;
			buildSettings = {
				ALWAYS_SEARCH_USER_PATHS = YES;
				HEADER_SEARCH_PATHS = "/usr/local/include/**";
				LIBRARY_SEARCH_PATHS = "/usr/local/lib/**";
				PRODUCT_NAME = "$(TARGET_NAME)";
			};
			name = Release;
		};
		3CC700D81D152E4100A21FAC /* Debug */ = {
			isa = XCBuildConfiguration;
			buildSettings = {
				PRODUCT_NAME = "$(TARGET_NAME)";
			};
			name = Debug;
		};
		3CC700D91D152E4100A21FAC /* Release */ = {
			isa = XCBuildConfiguration;
			buildSettings = {
				PRODUCT_NAME = "$(TARGET_NAME)";
			};
			name = Release;
		};
		3CC700F01D15305A00A21FAC /* Debug */ = {
			isa = XCBuildConfiguration;
			buildSettings = {
				ALWAYS_SEARCH_USER_PATHS = YES;
				PRODUCT_NAME = "$(TARGET_NAME)";
			};
			name = Debug;
		};
		3CC700F11D15305A00A21FAC /* Release */ = {
			isa = XCBuildConfiguration;
			buildSettings = {
				ALWAYS_SEARCH_USER_PATHS = YES;
				PRODUCT_NAME = "$(TARGET_NAME)";
			};
			name = Release;
		};
		3CC700FB1D15306600A21FAC /* Debug */ = {
			isa = XCBuildConfiguration;
			buildSettings = {
				ALWAYS_SEARCH_USER_PATHS = YES;
				PRODUCT_NAME = "$(TARGET_NAME)";
			};
			name = Debug;
		};
		3CC700FC1D15306600A21FAC /* Release */ = {
			isa = XCBuildConfiguration;
			buildSettings = {
				ALWAYS_SEARCH_USER_PATHS = YES;
				PRODUCT_NAME = "$(TARGET_NAME)";
			};
			name = Release;
		};
/* End XCBuildConfiguration section */

/* Begin XCConfigurationList section */
		3C3720541D1832F20068ABC8 /* Build configuration list for PBXNativeTarget "EX_GS_Tex_4" */ = {
			isa = XCConfigurationList;
			buildConfigurations = (
				3C3720551D1832F20068ABC8 /* Debug */,
				3C3720561D1832F20068ABC8 /* Release */,
			);
			defaultConfigurationIsVisible = 0;
			defaultConfigurationName = Release;
		};
		3C45E5521D1830B6007007DA /* Build configuration list for PBXNativeTarget "EX_GS_Tex_1" */ = {
			isa = XCConfigurationList;
			buildConfigurations = (
				3C45E5531D1830B6007007DA /* Debug */,
				3C45E5541D1830B6007007DA /* Release */,
			);
			defaultConfigurationIsVisible = 0;
			defaultConfigurationName = Release;
		};
		3C45E55D1D1830D3007007DA /* Build configuration list for PBXNativeTarget "EX_GS_Tex_2" */ = {
			isa = XCConfigurationList;
			buildConfigurations = (
				3C45E55E1D1830D3007007DA /* Debug */,
				3C45E55F1D1830D3007007DA /* Release */,
			);
			defaultConfigurationIsVisible = 0;
			defaultConfigurationName = Release;
		};
		3C45E5681D1830DA007007DA /* Build configuration list for PBXNativeTarget "EX_GS_Tex_3" */ = {
			isa = XCConfigurationList;
			buildConfigurations = (
				3C45E5691D1830DA007007DA /* Debug */,
				3C45E56A1D1830DA007007DA /* Release */,
			);
			defaultConfigurationIsVisible = 0;
			defaultConfigurationName = Release;
		};
		3C86ED991D1021CA00D83A25 /* Build configuration list for PBXProject "Mac" */ = {
			isa = XCConfigurationList;
			buildConfigurations = (
				3C86EDA31D1021CA00D83A25 /* Debug */,
				3C86EDA41D1021CA00D83A25 /* Release */,
			);
			defaultConfigurationIsVisible = 0;
			defaultConfigurationName = Release;
		};
		3C86EDA51D1021CA00D83A25 /* Build configuration list for PBXNativeTarget "Mac" */ = {
			isa = XCConfigurationList;
			buildConfigurations = (
				3C86EDA61D1021CA00D83A25 /* Debug */,
				3C86EDA71D1021CA00D83A25 /* Release */,
			);
			defaultConfigurationIsVisible = 0;
			defaultConfigurationName = Release;
		};
		3CC16A7D1D12D3090080F62C /* Build configuration list for PBXNativeTarget "EX_GS_HT_1" */ = {
			isa = XCConfigurationList;
			buildConfigurations = (
				3CC16A7E1D12D3090080F62C /* Debug */,
				3CC16A7F1D12D3090080F62C /* Release */,
			);
			defaultConfigurationIsVisible = 0;
			defaultConfigurationName = Release;
		};
		3CC16A931D12F71B0080F62C /* Build configuration list for PBXNativeTarget "EX_GS_HT_2" */ = {
			isa = XCConfigurationList;
			buildConfigurations = (
				3CC16A941D12F71B0080F62C /* Debug */,
				3CC16A951D12F71B0080F62C /* Release */,
			);
			defaultConfigurationIsVisible = 0;
			defaultConfigurationName = Release;
		};
		3CC700B61D14149F00A21FAC /* Build configuration list for PBXNativeTarget "EX_GS_HT_3" */ = {
			isa = XCConfigurationList;
			buildConfigurations = (
				3CC700B71D14149F00A21FAC /* Debug */,
				3CC700B81D14149F00A21FAC /* Release */,
			);
			defaultConfigurationIsVisible = 0;
			defaultConfigurationName = Release;
		};
		3CC700D71D152E4100A21FAC /* Build configuration list for PBXNativeTarget "EX_GS_S_1" */ = {
			isa = XCConfigurationList;
			buildConfigurations = (
				3CC700D81D152E4100A21FAC /* Debug */,
				3CC700D91D152E4100A21FAC /* Release */,
			);
			defaultConfigurationIsVisible = 0;
			defaultConfigurationName = Release;
		};
		3CC700EF1D15305A00A21FAC /* Build configuration list for PBXNativeTarget "EX_GS_S_2" */ = {
			isa = XCConfigurationList;
			buildConfigurations = (
				3CC700F01D15305A00A21FAC /* Debug */,
				3CC700F11D15305A00A21FAC /* Release */,
			);
			defaultConfigurationIsVisible = 0;
			defaultConfigurationName = Release;
		};
		3CC700FA1D15306600A21FAC /* Build configuration list for PBXNativeTarget "EX_GS_S_3" */ = {
			isa = XCConfigurationList;
			buildConfigurations = (
				3CC700FB1D15306600A21FAC /* Debug */,
				3CC700FC1D15306600A21FAC /* Release */,
			);
			defaultConfigurationIsVisible = 0;
			defaultConfigurationName = Release;
		};
/* End XCConfigurationList section */
	};
	rootObject = 3C86ED961D1021CA00D83A25 /* Project object */;
}
