// !$*UTF8*$!
{
	archiveVersion = 1;
	classes = {
	};
	objectVersion = 46;
	objects = {

/* Begin PBXBuildFile section */
		3C42909D1D12FE1600736950 /* main.cpp in Sources */ = {isa = PBXBuildFile; fileRef = 3C4290991D12FAE200736950 /* main.cpp */; };
		3C86EDAA1D10221500D83A25 /* main.cpp in Sources */ = {isa = PBXBuildFile; fileRef = 3C86EDA91D10221500D83A25 /* main.cpp */; };
		3C86EDAC1D1029C800D83A25 /* CoreVideo.framework in Frameworks */ = {isa = PBXBuildFile; fileRef = 3C86EDAB1D1029C800D83A25 /* CoreVideo.framework */; };
		3C86EDAE1D1029D000D83A25 /* IOKit.framework in Frameworks */ = {isa = PBXBuildFile; fileRef = 3C86EDAD1D1029D000D83A25 /* IOKit.framework */; };
		3C86EDB01D1029D700D83A25 /* Cocoa.framework in Frameworks */ = {isa = PBXBuildFile; fileRef = 3C86EDAF1D1029D700D83A25 /* Cocoa.framework */; };
		3C86EDB21D1029E000D83A25 /* OpenGL.framework in Frameworks */ = {isa = PBXBuildFile; fileRef = 3C86EDB11D1029E000D83A25 /* OpenGL.framework */; };
		3C86EDB41D1029E400D83A25 /* GLUT.framework in Frameworks */ = {isa = PBXBuildFile; fileRef = 3C86EDB31D1029E400D83A25 /* GLUT.framework */; };
		3C86EDBD1D1055FF00D83A25 /* libGLEW.a in Frameworks */ = {isa = PBXBuildFile; fileRef = 3C86EDBC1D1055FF00D83A25 /* libGLEW.a */; };
		3CC16A821D12E0970080F62C /* OpenGL.framework in Frameworks */ = {isa = PBXBuildFile; fileRef = 3C86EDB11D1029E000D83A25 /* OpenGL.framework */; };
		3CC16A831D12E09C0080F62C /* GLUT.framework in Frameworks */ = {isa = PBXBuildFile; fileRef = 3C86EDB31D1029E400D83A25 /* GLUT.framework */; };
		3CC16A841D12E0A70080F62C /* Cocoa.framework in Frameworks */ = {isa = PBXBuildFile; fileRef = 3C86EDAF1D1029D700D83A25 /* Cocoa.framework */; };
		3CC16A851D12E0AB0080F62C /* IOKit.framework in Frameworks */ = {isa = PBXBuildFile; fileRef = 3C86EDAD1D1029D000D83A25 /* IOKit.framework */; };
		3CC16A861D12E0BA0080F62C /* CoreVideo.framework in Frameworks */ = {isa = PBXBuildFile; fileRef = 3C86EDAB1D1029C800D83A25 /* CoreVideo.framework */; };
		3CC16A881D12E0ED0080F62C /* libglfw3.a in Frameworks */ = {isa = PBXBuildFile; fileRef = 3CC16A871D12E0ED0080F62C /* libglfw3.a */; };
		3CC16A891D12E1070080F62C /* libGLEW.a in Frameworks */ = {isa = PBXBuildFile; fileRef = 3C86EDBC1D1055FF00D83A25 /* libGLEW.a */; };
		3CC16A9A1D12F78F0080F62C /* GLUT.framework in Frameworks */ = {isa = PBXBuildFile; fileRef = 3C86EDB31D1029E400D83A25 /* GLUT.framework */; };
		3CC16A9B1D12F7940080F62C /* OpenGL.framework in Frameworks */ = {isa = PBXBuildFile; fileRef = 3C86EDB11D1029E000D83A25 /* OpenGL.framework */; };
		3CC16A9C1D12F7A30080F62C /* libglfw3.a in Frameworks */ = {isa = PBXBuildFile; fileRef = 3CC16A871D12E0ED0080F62C /* libglfw3.a */; };
		3CC16A9D1D12F7CB0080F62C /* libGLEW.a in Frameworks */ = {isa = PBXBuildFile; fileRef = 3C86EDBC1D1055FF00D83A25 /* libGLEW.a */; };
		3CC16A9E1D12F7D80080F62C /* CoreVideo.framework in Frameworks */ = {isa = PBXBuildFile; fileRef = 3C86EDAB1D1029C800D83A25 /* CoreVideo.framework */; };
		3CC16A9F1D12F7DF0080F62C /* IOKit.framework in Frameworks */ = {isa = PBXBuildFile; fileRef = 3C86EDAD1D1029D000D83A25 /* IOKit.framework */; };
		3CC16AA01D12F7FA0080F62C /* Cocoa.framework in Frameworks */ = {isa = PBXBuildFile; fileRef = 3C86EDAF1D1029D700D83A25 /* Cocoa.framework */; };
		3CC16AAB1D12F9570080F62C /* main.cpp in Sources */ = {isa = PBXBuildFile; fileRef = 3CC16AAA1D12F9570080F62C /* main.cpp */; };
		3CC700BB1D14155200A21FAC /* main.cpp in Sources */ = {isa = PBXBuildFile; fileRef = 3CC700B91D14153B00A21FAC /* main.cpp */; };
		3CC700BC1D141A8F00A21FAC /* GLUT.framework in Frameworks */ = {isa = PBXBuildFile; fileRef = 3C86EDB31D1029E400D83A25 /* GLUT.framework */; };
		3CC700BD1D141A9400A21FAC /* OpenGL.framework in Frameworks */ = {isa = PBXBuildFile; fileRef = 3C86EDB11D1029E000D83A25 /* OpenGL.framework */; };
		3CC700BE1D141A9700A21FAC /* IOKit.framework in Frameworks */ = {isa = PBXBuildFile; fileRef = 3C86EDAD1D1029D000D83A25 /* IOKit.framework */; };
		3CC700BF1D141AA100A21FAC /* CoreVideo.framework in Frameworks */ = {isa = PBXBuildFile; fileRef = 3C86EDAB1D1029C800D83A25 /* CoreVideo.framework */; };
		3CC700C01D141ADB00A21FAC /* Cocoa.framework in Frameworks */ = {isa = PBXBuildFile; fileRef = 3C86EDAF1D1029D700D83A25 /* Cocoa.framework */; };
		3CC700C11D141ADF00A21FAC /* libglfw3.a in Frameworks */ = {isa = PBXBuildFile; fileRef = 3CC16A871D12E0ED0080F62C /* libglfw3.a */; };
		3CC700C21D141AE200A21FAC /* libGLEW.a in Frameworks */ = {isa = PBXBuildFile; fileRef = 3C86EDBC1D1055FF00D83A25 /* libGLEW.a */; };
		3CC700C31D1455A400A21FAC /* libglfw3.a in Frameworks */ = {isa = PBXBuildFile; fileRef = 3CC16A871D12E0ED0080F62C /* libglfw3.a */; };
		3CC700C71D14DD4200A21FAC /* ShaderReader.cpp in Sources */ = {isa = PBXBuildFile; fileRef = 3CC700C51D14DD4200A21FAC /* ShaderReader.cpp */; };
/* End PBXBuildFile section */

/* Begin PBXCopyFilesBuildPhase section */
		3C86ED9C1D1021CA00D83A25 /* CopyFiles */ = {
			isa = PBXCopyFilesBuildPhase;
			buildActionMask = 2147483647;
			dstPath = /usr/share/man/man1/;
			dstSubfolderSpec = 0;
			files = (
			);
			runOnlyForDeploymentPostprocessing = 1;
		};
		3CC16A771D12D3090080F62C /* CopyFiles */ = {
			isa = PBXCopyFilesBuildPhase;
			buildActionMask = 2147483647;
			dstPath = /usr/share/man/man1/;
			dstSubfolderSpec = 0;
			files = (
			);
			runOnlyForDeploymentPostprocessing = 1;
		};
		3CC16A8D1D12F71B0080F62C /* CopyFiles */ = {
			isa = PBXCopyFilesBuildPhase;
			buildActionMask = 2147483647;
			dstPath = /usr/share/man/man1/;
			dstSubfolderSpec = 0;
			files = (
			);
			runOnlyForDeploymentPostprocessing = 1;
		};
		3CC700B01D14149F00A21FAC /* CopyFiles */ = {
			isa = PBXCopyFilesBuildPhase;
			buildActionMask = 2147483647;
			dstPath = /usr/share/man/man1/;
			dstSubfolderSpec = 0;
			files = (
			);
			runOnlyForDeploymentPostprocessing = 1;
		};
/* End PBXCopyFilesBuildPhase section */

/* Begin PBXFileReference section */
		3C4290991D12FAE200736950 /* main.cpp */ = {isa = PBXFileReference; fileEncoding = 4; lastKnownFileType = sourcecode.cpp.cpp; name = main.cpp; path = "../Files/Exercises/Getting Start/Hello_Triangle/2/main.cpp"; sourceTree = SOURCE_ROOT; };
		3C86ED9E1D1021CA00D83A25 /* Mac */ = {isa = PBXFileReference; explicitFileType = "compiled.mach-o.executable"; includeInIndex = 0; path = Mac; sourceTree = BUILT_PRODUCTS_DIR; };
		3C86EDA91D10221500D83A25 /* main.cpp */ = {isa = PBXFileReference; fileEncoding = 4; lastKnownFileType = sourcecode.cpp.cpp; name = main.cpp; path = "../Files/Getting Start/main.cpp"; sourceTree = "<group>"; };
		3C86EDAB1D1029C800D83A25 /* CoreVideo.framework */ = {isa = PBXFileReference; lastKnownFileType = wrapper.framework; name = CoreVideo.framework; path = System/Library/Frameworks/CoreVideo.framework; sourceTree = SDKROOT; };
		3C86EDAD1D1029D000D83A25 /* IOKit.framework */ = {isa = PBXFileReference; lastKnownFileType = wrapper.framework; name = IOKit.framework; path = System/Library/Frameworks/IOKit.framework; sourceTree = SDKROOT; };
		3C86EDAF1D1029D700D83A25 /* Cocoa.framework */ = {isa = PBXFileReference; lastKnownFileType = wrapper.framework; name = Cocoa.framework; path = System/Library/Frameworks/Cocoa.framework; sourceTree = SDKROOT; };
		3C86EDB11D1029E000D83A25 /* OpenGL.framework */ = {isa = PBXFileReference; lastKnownFileType = wrapper.framework; name = OpenGL.framework; path = System/Library/Frameworks/OpenGL.framework; sourceTree = SDKROOT; };
		3C86EDB31D1029E400D83A25 /* GLUT.framework */ = {isa = PBXFileReference; lastKnownFileType = wrapper.framework; name = GLUT.framework; path = System/Library/Frameworks/GLUT.framework; sourceTree = SDKROOT; };
		3C86EDBC1D1055FF00D83A25 /* libGLEW.a */ = {isa = PBXFileReference; lastKnownFileType = archive.ar; name = libGLEW.a; path = ../../../../../usr/local/lib/libGLEW.a; sourceTree = "<group>"; };
		3CC16A791D12D3090080F62C /* EX_GS_HT_1 */ = {isa = PBXFileReference; explicitFileType = "compiled.mach-o.executable"; includeInIndex = 0; path = EX_GS_HT_1; sourceTree = BUILT_PRODUCTS_DIR; };
		3CC16A871D12E0ED0080F62C /* libglfw3.a */ = {isa = PBXFileReference; lastKnownFileType = archive.ar; name = libglfw3.a; path = ../Libs/libglfw3.a; sourceTree = "<group>"; };
		3CC16A8F1D12F71B0080F62C /* EX_GS_HT_2 */ = {isa = PBXFileReference; explicitFileType = "compiled.mach-o.executable"; includeInIndex = 0; path = EX_GS_HT_2; sourceTree = BUILT_PRODUCTS_DIR; };
		3CC16AAA1D12F9570080F62C /* main.cpp */ = {isa = PBXFileReference; fileEncoding = 4; lastKnownFileType = sourcecode.cpp.cpp; name = main.cpp; path = "../Files/Exercises/Getting Start/Hello_Triangle/1/main.cpp"; sourceTree = SOURCE_ROOT; };
		3CC700B21D14149F00A21FAC /* EX_GS_HT_3 */ = {isa = PBXFileReference; explicitFileType = "compiled.mach-o.executable"; includeInIndex = 0; path = EX_GS_HT_3; sourceTree = BUILT_PRODUCTS_DIR; };
		3CC700B91D14153B00A21FAC /* main.cpp */ = {isa = PBXFileReference; fileEncoding = 4; lastKnownFileType = sourcecode.cpp.cpp; name = main.cpp; path = "../Files/Exercises/Getting Start/Hello_Triangle/3/main.cpp"; sourceTree = SOURCE_ROOT; };
		3CC700C51D14DD4200A21FAC /* ShaderReader.cpp */ = {isa = PBXFileReference; fileEncoding = 4; lastKnownFileType = sourcecode.cpp.cpp; name = ShaderReader.cpp; path = "../Files/Getting Start/ShaderReader.cpp"; sourceTree = "<group>"; };
		3CC700C61D14DD4200A21FAC /* ShaderReader.hpp */ = {isa = PBXFileReference; fileEncoding = 4; lastKnownFileType = sourcecode.cpp.h; name = ShaderReader.hpp; path = "../Files/Getting Start/ShaderReader.hpp"; sourceTree = "<group>"; };
		3CC700CC1D1506E200A21FAC /* shader.vs */ = {isa = PBXFileReference; fileEncoding = 4; lastKnownFileType = sourcecode.glsl; name = shader.vs; path = "../Files/Getting Start/shader.vs"; sourceTree = "<group>"; };
		3CC700CD1D15070000A21FAC /* shader.frag */ = {isa = PBXFileReference; fileEncoding = 4; lastKnownFileType = sourcecode.glsl; name = shader.frag; path = "../Files/Getting Start/shader.frag"; sourceTree = "<group>"; };
/* End PBXFileReference section */

/* Begin PBXFrameworksBuildPhase section */
		3C86ED9B1D1021CA00D83A25 /* Frameworks */ = {
			isa = PBXFrameworksBuildPhase;
			buildActionMask = 2147483647;
			files = (
				3C86EDBD1D1055FF00D83A25 /* libGLEW.a in Frameworks */,
				3C86EDB41D1029E400D83A25 /* GLUT.framework in Frameworks */,
				3C86EDB21D1029E000D83A25 /* OpenGL.framework in Frameworks */,
				3C86EDB01D1029D700D83A25 /* Cocoa.framework in Frameworks */,
				3C86EDAE1D1029D000D83A25 /* IOKit.framework in Frameworks */,
				3C86EDAC1D1029C800D83A25 /* CoreVideo.framework in Frameworks */,
				3CC700C31D1455A400A21FAC /* libglfw3.a in Frameworks */,
			);
			runOnlyForDeploymentPostprocessing = 0;
		};
		3CC16A761D12D3090080F62C /* Frameworks */ = {
			isa = PBXFrameworksBuildPhase;
			buildActionMask = 2147483647;
			files = (
				3CC16A891D12E1070080F62C /* libGLEW.a in Frameworks */,
				3CC16A881D12E0ED0080F62C /* libglfw3.a in Frameworks */,
				3CC16A861D12E0BA0080F62C /* CoreVideo.framework in Frameworks */,
				3CC16A851D12E0AB0080F62C /* IOKit.framework in Frameworks */,
				3CC16A841D12E0A70080F62C /* Cocoa.framework in Frameworks */,
				3CC16A831D12E09C0080F62C /* GLUT.framework in Frameworks */,
				3CC16A821D12E0970080F62C /* OpenGL.framework in Frameworks */,
			);
			runOnlyForDeploymentPostprocessing = 0;
		};
		3CC16A8C1D12F71B0080F62C /* Frameworks */ = {
			isa = PBXFrameworksBuildPhase;
			buildActionMask = 2147483647;
			files = (
				3CC16AA01D12F7FA0080F62C /* Cocoa.framework in Frameworks */,
				3CC16A9F1D12F7DF0080F62C /* IOKit.framework in Frameworks */,
				3CC16A9E1D12F7D80080F62C /* CoreVideo.framework in Frameworks */,
				3CC16A9B1D12F7940080F62C /* OpenGL.framework in Frameworks */,
				3CC16A9A1D12F78F0080F62C /* GLUT.framework in Frameworks */,
				3CC16A9C1D12F7A30080F62C /* libglfw3.a in Frameworks */,
				3CC16A9D1D12F7CB0080F62C /* libGLEW.a in Frameworks */,
			);
			runOnlyForDeploymentPostprocessing = 0;
		};
		3CC700AF1D14149F00A21FAC /* Frameworks */ = {
			isa = PBXFrameworksBuildPhase;
			buildActionMask = 2147483647;
			files = (
				3CC700C01D141ADB00A21FAC /* Cocoa.framework in Frameworks */,
				3CC700BF1D141AA100A21FAC /* CoreVideo.framework in Frameworks */,
				3CC700BE1D141A9700A21FAC /* IOKit.framework in Frameworks */,
				3CC700BD1D141A9400A21FAC /* OpenGL.framework in Frameworks */,
				3CC700BC1D141A8F00A21FAC /* GLUT.framework in Frameworks */,
				3CC700C11D141ADF00A21FAC /* libglfw3.a in Frameworks */,
				3CC700C21D141AE200A21FAC /* libGLEW.a in Frameworks */,
			);
			runOnlyForDeploymentPostprocessing = 0;
		};
/* End PBXFrameworksBuildPhase section */

/* Begin PBXGroup section */
		3C42909C1D12FBB600736950 /* EX */ = {
			isa = PBXGroup;
			children = (
				3CC700B31D14149F00A21FAC /* EX_GS_HT_3 */,
				3CC16A7A1D12D3090080F62C /* EX_GS_HT_1 */,
				3CC16A901D12F71B0080F62C /* EX_GS_HT_2 */,
			);
			name = EX;
			path = EX_GS_HT_1;
			sourceTree = "<group>";
		};
		3C86ED951D1021CA00D83A25 = {
			isa = PBXGroup;
			children = (
				3CC16A871D12E0ED0080F62C /* libglfw3.a */,
				3C86EDBC1D1055FF00D83A25 /* libGLEW.a */,
				3C86EDB31D1029E400D83A25 /* GLUT.framework */,
				3C86EDB11D1029E000D83A25 /* OpenGL.framework */,
				3C86EDAF1D1029D700D83A25 /* Cocoa.framework */,
				3C86EDAD1D1029D000D83A25 /* IOKit.framework */,
				3C86EDAB1D1029C800D83A25 /* CoreVideo.framework */,
				3C86ED9F1D1021CA00D83A25 /* Products */,
				3C86EDA81D1021D500D83A25 /* Getting Start */,
			);
			sourceTree = "<group>";
		};
		3C86ED9F1D1021CA00D83A25 /* Products */ = {
			isa = PBXGroup;
			children = (
				3C86ED9E1D1021CA00D83A25 /* Mac */,
				3CC16A791D12D3090080F62C /* EX_GS_HT_1 */,
				3CC16A8F1D12F71B0080F62C /* EX_GS_HT_2 */,
				3CC700B21D14149F00A21FAC /* EX_GS_HT_3 */,
			);
			name = Products;
			sourceTree = "<group>";
		};
		3C86EDA81D1021D500D83A25 /* Getting Start */ = {
			isa = PBXGroup;
			children = (
				3CC700C41D14DCFD00A21FAC /* Shader Class */,
				3C86EDA91D10221500D83A25 /* main.cpp */,
				3C42909C1D12FBB600736950 /* EX */,
				3CC700CC1D1506E200A21FAC /* shader.vs */,
				3CC700CD1D15070000A21FAC /* shader.frag */,
			);
			name = "Getting Start";
			sourceTree = "<group>";
		};
		3CC16A7A1D12D3090080F62C /* EX_GS_HT_1 */ = {
			isa = PBXGroup;
			children = (
				3CC16AAA1D12F9570080F62C /* main.cpp */,
			);
			name = EX_GS_HT_1;
			sourceTree = "<group>";
		};
		3CC16A901D12F71B0080F62C /* EX_GS_HT_2 */ = {
			isa = PBXGroup;
			children = (
				3C4290991D12FAE200736950 /* main.cpp */,
			);
			name = EX_GS_HT_2;
			path = ../EX_GS_HT_2;
			sourceTree = "<group>";
		};
		3CC700B31D14149F00A21FAC /* EX_GS_HT_3 */ = {
			isa = PBXGroup;
			children = (
				3CC700B91D14153B00A21FAC /* main.cpp */,
			);
			name = EX_GS_HT_3;
			path = "../Files/Exercises/Getting Start/Hello_Triangle/3";
			sourceTree = "<group>";
		};
		3CC700C41D14DCFD00A21FAC /* Shader Class */ = {
			isa = PBXGroup;
			children = (
				3CC700C51D14DD4200A21FAC /* ShaderReader.cpp */,
				3CC700C61D14DD4200A21FAC /* ShaderReader.hpp */,
			);
			name = "Shader Class";
			sourceTree = "<group>";
		};
/* End PBXGroup section */

/* Begin PBXNativeTarget section */
		3C86ED9D1D1021CA00D83A25 /* Mac */ = {
			isa = PBXNativeTarget;
			buildConfigurationList = 3C86EDA51D1021CA00D83A25 /* Build configuration list for PBXNativeTarget "Mac" */;
			buildPhases = (
				3C86ED9A1D1021CA00D83A25 /* Sources */,
				3C86ED9B1D1021CA00D83A25 /* Frameworks */,
				3C86ED9C1D1021CA00D83A25 /* CopyFiles */,
			);
			buildRules = (
			);
			dependencies = (
			);
			name = Mac;
			productName = Mac;
			productReference = 3C86ED9E1D1021CA00D83A25 /* Mac */;
			productType = "com.apple.product-type.tool";
		};
		3CC16A781D12D3090080F62C /* EX_GS_HT_1 */ = {
			isa = PBXNativeTarget;
			buildConfigurationList = 3CC16A7D1D12D3090080F62C /* Build configuration list for PBXNativeTarget "EX_GS_HT_1" */;
			buildPhases = (
				3CC16A751D12D3090080F62C /* Sources */,
				3CC16A761D12D3090080F62C /* Frameworks */,
				3CC16A771D12D3090080F62C /* CopyFiles */,
			);
			buildRules = (
			);
			dependencies = (
			);
			name = EX_GS_HT_1;
			productName = EX_GS_HT_1;
			productReference = 3CC16A791D12D3090080F62C /* EX_GS_HT_1 */;
			productType = "com.apple.product-type.tool";
		};
		3CC16A8E1D12F71B0080F62C /* EX_GS_HT_2 */ = {
			isa = PBXNativeTarget;
			buildConfigurationList = 3CC16A931D12F71B0080F62C /* Build configuration list for PBXNativeTarget "EX_GS_HT_2" */;
			buildPhases = (
				3CC16A8B1D12F71B0080F62C /* Sources */,
				3CC16A8C1D12F71B0080F62C /* Frameworks */,
				3CC16A8D1D12F71B0080F62C /* CopyFiles */,
			);
			buildRules = (
			);
			dependencies = (
			);
			name = EX_GS_HT_2;
			productName = EX_GS_HT_2;
			productReference = 3CC16A8F1D12F71B0080F62C /* EX_GS_HT_2 */;
			productType = "com.apple.product-type.tool";
		};
		3CC700B11D14149F00A21FAC /* EX_GS_HT_3 */ = {
			isa = PBXNativeTarget;
			buildConfigurationList = 3CC700B61D14149F00A21FAC /* Build configuration list for PBXNativeTarget "EX_GS_HT_3" */;
			buildPhases = (
				3CC700AE1D14149F00A21FAC /* Sources */,
				3CC700AF1D14149F00A21FAC /* Frameworks */,
				3CC700B01D14149F00A21FAC /* CopyFiles */,
			);
			buildRules = (
			);
			dependencies = (
			);
			name = EX_GS_HT_3;
			productName = EX_GS_HT_3;
			productReference = 3CC700B21D14149F00A21FAC /* EX_GS_HT_3 */;
			productType = "com.apple.product-type.tool";
		};
/* End PBXNativeTarget section */

/* Begin PBXProject section */
		3C86ED961D1021CA00D83A25 /* Project object */ = {
			isa = PBXProject;
			attributes = {
				LastUpgradeCheck = 0720;
				ORGANIZATIONNAME = King;
				TargetAttributes = {
					3C86ED9D1D1021CA00D83A25 = {
						CreatedOnToolsVersion = 7.2.1;
					};
					3CC16A781D12D3090080F62C = {
						CreatedOnToolsVersion = 7.2.1;
					};
					3CC16A8E1D12F71B0080F62C = {
						CreatedOnToolsVersion = 7.2.1;
					};
					3CC700B11D14149F00A21FAC = {
						CreatedOnToolsVersion = 7.2.1;
					};
				};
			};
			buildConfigurationList = 3C86ED991D1021CA00D83A25 /* Build configuration list for PBXProject "Mac" */;
			compatibilityVersion = "Xcode 3.2";
			developmentRegion = English;
			hasScannedForEncodings = 0;
			knownRegions = (
				en,
			);
			mainGroup = 3C86ED951D1021CA00D83A25;
			productRefGroup = 3C86ED9F1D1021CA00D83A25 /* Products */;
			projectDirPath = "";
			projectRoot = "";
			targets = (
				3C86ED9D1D1021CA00D83A25 /* Mac */,
				3CC16A781D12D3090080F62C /* EX_GS_HT_1 */,
				3CC16A8E1D12F71B0080F62C /* EX_GS_HT_2 */,
				3CC700B11D14149F00A21FAC /* EX_GS_HT_3 */,
			);
		};
/* End PBXProject section */

/* Begin PBXSourcesBuildPhase section */
		3C86ED9A1D1021CA00D83A25 /* Sources */ = {
			isa = PBXSourcesBuildPhase;
			buildActionMask = 2147483647;
			files = (
				3C86EDAA1D10221500D83A25 /* main.cpp in Sources */,
				3CC700C71D14DD4200A21FAC /* ShaderReader.cpp in Sources */,
			);
			runOnlyForDeploymentPostprocessing = 0;
		};
		3CC16A751D12D3090080F62C /* Sources */ = {
			isa = PBXSourcesBuildPhase;
			buildActionMask = 2147483647;
			files = (
				3CC16AAB1D12F9570080F62C /* main.cpp in Sources */,
			);
			runOnlyForDeploymentPostprocessing = 0;
		};
		3CC16A8B1D12F71B0080F62C /* Sources */ = {
			isa = PBXSourcesBuildPhase;
			buildActionMask = 2147483647;
			files = (
				3C42909D1D12FE1600736950 /* main.cpp in Sources */,
			);
			runOnlyForDeploymentPostprocessing = 0;
		};
		3CC700AE1D14149F00A21FAC /* Sources */ = {
			isa = PBXSourcesBuildPhase;
			buildActionMask = 2147483647;
			files = (
				3CC700BB1D14155200A21FAC /* main.cpp in Sources */,
			);
			runOnlyForDeploymentPostprocessing = 0;
		};
/* End PBXSourcesBuildPhase section */

/* Begin XCBuildConfiguration section */
		3C86EDA31D1021CA00D83A25 /* Debug */ = {
			isa = XCBuildConfiguration;
			buildSettings = {
				ALWAYS_SEARCH_USER_PATHS = NO;
				CLANG_CXX_LANGUAGE_STANDARD = "gnu++0x";
				CLANG_CXX_LIBRARY = "libc++";
				CLANG_ENABLE_MODULES = YES;
				CLANG_ENABLE_OBJC_ARC = YES;
				CLANG_WARN_BOOL_CONVERSION = YES;
				CLANG_WARN_CONSTANT_CONVERSION = YES;
				CLANG_WARN_DIRECT_OBJC_ISA_USAGE = YES_ERROR;
				CLANG_WARN_EMPTY_BODY = YES;
				CLANG_WARN_ENUM_CONVERSION = YES;
				CLANG_WARN_INT_CONVERSION = YES;
				CLANG_WARN_OBJC_ROOT_CLASS = YES_ERROR;
				CLANG_WARN_UNREACHABLE_CODE = YES;
				CLANG_WARN__DUPLICATE_METHOD_MATCH = YES;
				CODE_SIGN_IDENTITY = "-";
				COPY_PHASE_STRIP = NO;
				DEBUG_INFORMATION_FORMAT = dwarf;
				ENABLE_STRICT_OBJC_MSGSEND = YES;
				ENABLE_TESTABILITY = YES;
				GCC_C_LANGUAGE_STANDARD = gnu99;
				GCC_DYNAMIC_NO_PIC = NO;
				GCC_NO_COMMON_BLOCKS = YES;
				GCC_OPTIMIZATION_LEVEL = 0;
				GCC_PREPROCESSOR_DEFINITIONS = (
					"DEBUG=1",
					"$(inherited)",
				);
				GCC_WARN_64_TO_32_BIT_CONVERSION = YES;
				GCC_WARN_ABOUT_RETURN_TYPE = YES_ERROR;
				GCC_WARN_UNDECLARED_SELECTOR = YES;
				GCC_WARN_UNINITIALIZED_AUTOS = YES_AGGRESSIVE;
				GCC_WARN_UNUSED_FUNCTION = YES;
				GCC_WARN_UNUSED_VARIABLE = YES;
				MACOSX_DEPLOYMENT_TARGET = 10.10;
				MTL_ENABLE_DEBUG_INFO = YES;
				ONLY_ACTIVE_ARCH = YES;
				SDKROOT = macosx;
			};
			name = Debug;
		};
		3C86EDA41D1021CA00D83A25 /* Release */ = {
			isa = XCBuildConfiguration;
			buildSettings = {
				ALWAYS_SEARCH_USER_PATHS = NO;
				CLANG_CXX_LANGUAGE_STANDARD = "gnu++0x";
				CLANG_CXX_LIBRARY = "libc++";
				CLANG_ENABLE_MODULES = YES;
				CLANG_ENABLE_OBJC_ARC = YES;
				CLANG_WARN_BOOL_CONVERSION = YES;
				CLANG_WARN_CONSTANT_CONVERSION = YES;
				CLANG_WARN_DIRECT_OBJC_ISA_USAGE = YES_ERROR;
				CLANG_WARN_EMPTY_BODY = YES;
				CLANG_WARN_ENUM_CONVERSION = YES;
				CLANG_WARN_INT_CONVERSION = YES;
				CLANG_WARN_OBJC_ROOT_CLASS = YES_ERROR;
				CLANG_WARN_UNREACHABLE_CODE = YES;
				CLANG_WARN__DUPLICATE_METHOD_MATCH = YES;
				CODE_SIGN_IDENTITY = "-";
				COPY_PHASE_STRIP = NO;
				DEBUG_INFORMATION_FORMAT = "dwarf-with-dsym";
				ENABLE_NS_ASSERTIONS = NO;
				ENABLE_STRICT_OBJC_MSGSEND = YES;
				GCC_C_LANGUAGE_STANDARD = gnu99;
				GCC_NO_COMMON_BLOCKS = YES;
				GCC_WARN_64_TO_32_BIT_CONVERSION = YES;
				GCC_WARN_ABOUT_RETURN_TYPE = YES_ERROR;
				GCC_WARN_UNDECLARED_SELECTOR = YES;
				GCC_WARN_UNINITIALIZED_AUTOS = YES_AGGRESSIVE;
				GCC_WARN_UNUSED_FUNCTION = YES;
				GCC_WARN_UNUSED_VARIABLE = YES;
				MACOSX_DEPLOYMENT_TARGET = 10.10;
				MTL_ENABLE_DEBUG_INFO = NO;
				SDKROOT = macosx;
			};
			name = Release;
		};
		3C86EDA61D1021CA00D83A25 /* Debug */ = {
			isa = XCBuildConfiguration;
			buildSettings = {
				ALWAYS_SEARCH_USER_PATHS = YES;
				HEADER_SEARCH_PATHS = "/usr/local/include/**";
				LIBRARY_SEARCH_PATHS = "/usr/local/lib/**";
				OTHER_LDFLAGS = "";
				PRODUCT_NAME = "$(TARGET_NAME)";
			};
			name = Debug;
		};
		3C86EDA71D1021CA00D83A25 /* Release */ = {
			isa = XCBuildConfiguration;
			buildSettings = {
				ALWAYS_SEARCH_USER_PATHS = YES;
				HEADER_SEARCH_PATHS = "/usr/local/include/**";
				LIBRARY_SEARCH_PATHS = "/usr/local/lib/**";
				OTHER_LDFLAGS = "";
				PRODUCT_NAME = "$(TARGET_NAME)";
			};
			name = Release;
		};
		3CC16A7E1D12D3090080F62C /* Debug */ = {
			isa = XCBuildConfiguration;
			buildSettings = {
				HEADER_SEARCH_PATHS = "/usr/local/include/**";
				LIBRARY_SEARCH_PATHS = "/usr/local/lib/**";
				PRODUCT_NAME = "$(TARGET_NAME)";
			};
			name = Debug;
		};
		3CC16A7F1D12D3090080F62C /* Release */ = {
			isa = XCBuildConfiguration;
			buildSettings = {
				HEADER_SEARCH_PATHS = "/usr/local/include/**";
				LIBRARY_SEARCH_PATHS = "/usr/local/lib/**";
				PRODUCT_NAME = "$(TARGET_NAME)";
			};
			name = Release;
		};
		3CC16A941D12F71B0080F62C /* Debug */ = {
			isa = XCBuildConfiguration;
			buildSettings = {
				ALWAYS_SEARCH_USER_PATHS = YES;
				HEADER_SEARCH_PATHS = "/usr/local/include/**";
				LIBRARY_SEARCH_PATHS = "/usr/local/lib/**";
				PRODUCT_NAME = "$(TARGET_NAME)";
			};
			name = Debug;
		};
		3CC16A951D12F71B0080F62C /* Release */ = {
			isa = XCBuildConfiguration;
			buildSettings = {
				ALWAYS_SEARCH_USER_PATHS = YES;
				HEADER_SEARCH_PATHS = "/usr/local/include/**";
				LIBRARY_SEARCH_PATHS = "/usr/local/lib/**";
				PRODUCT_NAME = "$(TARGET_NAME)";
			};
			name = Release;
		};
		3CC700B71D14149F00A21FAC /* Debug */ = {
			isa = XCBuildConfiguration;
			buildSettings = {
				ALWAYS_SEARCH_USER_PATHS = YES;
				HEADER_SEARCH_PATHS = "/usr/local/include/**";
				LIBRARY_SEARCH_PATHS = "/usr/local/lib/**";
				PRODUCT_NAME = "$(TARGET_NAME)";
			};
			name = Debug;
		};
		3CC700B81D14149F00A21FAC /* Release */ = {
			isa = XCBuildConfiguration;
			buildSettings = {
				ALWAYS_SEARCH_USER_PATHS = YES;
				HEADER_SEARCH_PATHS = "/usr/local/include/**";
				LIBRARY_SEARCH_PATHS = "/usr/local/lib/**";
				PRODUCT_NAME = "$(TARGET_NAME)";
			};
			name = Release;
		};
/* End XCBuildConfiguration section */

/* Begin XCConfigurationList section */
		3C86ED991D1021CA00D83A25 /* Build configuration list for PBXProject "Mac" */ = {
			isa = XCConfigurationList;
			buildConfigurations = (
				3C86EDA31D1021CA00D83A25 /* Debug */,
				3C86EDA41D1021CA00D83A25 /* Release */,
			);
			defaultConfigurationIsVisible = 0;
			defaultConfigurationName = Release;
		};
		3C86EDA51D1021CA00D83A25 /* Build configuration list for PBXNativeTarget "Mac" */ = {
			isa = XCConfigurationList;
			buildConfigurations = (
				3C86EDA61D1021CA00D83A25 /* Debug */,
				3C86EDA71D1021CA00D83A25 /* Release */,
			);
			defaultConfigurationIsVisible = 0;
			defaultConfigurationName = Release;
		};
		3CC16A7D1D12D3090080F62C /* Build configuration list for PBXNativeTarget "EX_GS_HT_1" */ = {
			isa = XCConfigurationList;
			buildConfigurations = (
				3CC16A7E1D12D3090080F62C /* Debug */,
				3CC16A7F1D12D3090080F62C /* Release */,
			);
			defaultConfigurationIsVisible = 0;
			defaultConfigurationName = Release;
		};
		3CC16A931D12F71B0080F62C /* Build configuration list for PBXNativeTarget "EX_GS_HT_2" */ = {
			isa = XCConfigurationList;
			buildConfigurations = (
				3CC16A941D12F71B0080F62C /* Debug */,
				3CC16A951D12F71B0080F62C /* Release */,
			);
			defaultConfigurationIsVisible = 0;
			defaultConfigurationName = Release;
		};
		3CC700B61D14149F00A21FAC /* Build configuration list for PBXNativeTarget "EX_GS_HT_3" */ = {
			isa = XCConfigurationList;
			buildConfigurations = (
				3CC700B71D14149F00A21FAC /* Debug */,
				3CC700B81D14149F00A21FAC /* Release */,
			);
			defaultConfigurationIsVisible = 0;
			defaultConfigurationName = Release;
		};
/* End XCConfigurationList section */
	};
	rootObject = 3C86ED961D1021CA00D83A25 /* Project object */;
}
