// !$*UTF8*$!
{
	archiveVersion = 1;
	classes = {
	};
	objectVersion = 46;
	objects = {

/* Begin PBXBuildFile section */
		3C86EDAA1D10221500D83A25 /* main.cpp in Sources */ = {isa = PBXBuildFile; fileRef = 3C86EDA91D10221500D83A25 /* main.cpp */; };
		3C86EDAC1D1029C800D83A25 /* CoreVideo.framework in Frameworks */ = {isa = PBXBuildFile; fileRef = 3C86EDAB1D1029C800D83A25 /* CoreVideo.framework */; };
		3C86EDAE1D1029D000D83A25 /* IOKit.framework in Frameworks */ = {isa = PBXBuildFile; fileRef = 3C86EDAD1D1029D000D83A25 /* IOKit.framework */; };
		3C86EDB01D1029D700D83A25 /* Cocoa.framework in Frameworks */ = {isa = PBXBuildFile; fileRef = 3C86EDAF1D1029D700D83A25 /* Cocoa.framework */; };
		3C86EDB21D1029E000D83A25 /* OpenGL.framework in Frameworks */ = {isa = PBXBuildFile; fileRef = 3C86EDB11D1029E000D83A25 /* OpenGL.framework */; };
		3C86EDB41D1029E400D83A25 /* GLUT.framework in Frameworks */ = {isa = PBXBuildFile; fileRef = 3C86EDB31D1029E400D83A25 /* GLUT.framework */; };
		3C86EDBB1D1055F500D83A25 /* libglfw3.a in Frameworks */ = {isa = PBXBuildFile; fileRef = 3C86EDB51D102A1300D83A25 /* libglfw3.a */; };
		3C86EDBD1D1055FF00D83A25 /* libGLEW.a in Frameworks */ = {isa = PBXBuildFile; fileRef = 3C86EDBC1D1055FF00D83A25 /* libGLEW.a */; };
/* End PBXBuildFile section */

/* Begin PBXCopyFilesBuildPhase section */
		3C86ED9C1D1021CA00D83A25 /* CopyFiles */ = {
			isa = PBXCopyFilesBuildPhase;
			buildActionMask = 2147483647;
			dstPath = /usr/share/man/man1/;
			dstSubfolderSpec = 0;
			files = (
			);
			runOnlyForDeploymentPostprocessing = 1;
		};
/* End PBXCopyFilesBuildPhase section */

/* Begin PBXFileReference section */
		3C86ED9E1D1021CA00D83A25 /* Mac */ = {isa = PBXFileReference; explicitFileType = "compiled.mach-o.executable"; includeInIndex = 0; path = Mac; sourceTree = BUILT_PRODUCTS_DIR; };
		3C86EDA91D10221500D83A25 /* main.cpp */ = {isa = PBXFileReference; fileEncoding = 4; lastKnownFileType = sourcecode.cpp.cpp; name = main.cpp; path = "../Files/Getting Start/main.cpp"; sourceTree = "<group>"; };
		3C86EDAB1D1029C800D83A25 /* CoreVideo.framework */ = {isa = PBXFileReference; lastKnownFileType = wrapper.framework; name = CoreVideo.framework; path = System/Library/Frameworks/CoreVideo.framework; sourceTree = SDKROOT; };
		3C86EDAD1D1029D000D83A25 /* IOKit.framework */ = {isa = PBXFileReference; lastKnownFileType = wrapper.framework; name = IOKit.framework; path = System/Library/Frameworks/IOKit.framework; sourceTree = SDKROOT; };
		3C86EDAF1D1029D700D83A25 /* Cocoa.framework */ = {isa = PBXFileReference; lastKnownFileType = wrapper.framework; name = Cocoa.framework; path = System/Library/Frameworks/Cocoa.framework; sourceTree = SDKROOT; };
		3C86EDB11D1029E000D83A25 /* OpenGL.framework */ = {isa = PBXFileReference; lastKnownFileType = wrapper.framework; name = OpenGL.framework; path = System/Library/Frameworks/OpenGL.framework; sourceTree = SDKROOT; };
		3C86EDB31D1029E400D83A25 /* GLUT.framework */ = {isa = PBXFileReference; lastKnownFileType = wrapper.framework; name = GLUT.framework; path = System/Library/Frameworks/GLUT.framework; sourceTree = SDKROOT; };
		3C86EDB51D102A1300D83A25 /* libglfw3.a */ = {isa = PBXFileReference; lastKnownFileType = archive.ar; name = libglfw3.a; path = ../../../../../usr/local/lib/libglfw3.a; sourceTree = "<group>"; };
		3C86EDBC1D1055FF00D83A25 /* libGLEW.a */ = {isa = PBXFileReference; lastKnownFileType = archive.ar; name = libGLEW.a; path = ../../../../../usr/local/lib/libGLEW.a; sourceTree = "<group>"; };
/* End PBXFileReference section */

/* Begin PBXFrameworksBuildPhase section */
		3C86ED9B1D1021CA00D83A25 /* Frameworks */ = {
			isa = PBXFrameworksBuildPhase;
			buildActionMask = 2147483647;
			files = (
				3C86EDBD1D1055FF00D83A25 /* libGLEW.a in Frameworks */,
				3C86EDBB1D1055F500D83A25 /* libglfw3.a in Frameworks */,
				3C86EDB41D1029E400D83A25 /* GLUT.framework in Frameworks */,
				3C86EDB21D1029E000D83A25 /* OpenGL.framework in Frameworks */,
				3C86EDB01D1029D700D83A25 /* Cocoa.framework in Frameworks */,
				3C86EDAE1D1029D000D83A25 /* IOKit.framework in Frameworks */,
				3C86EDAC1D1029C800D83A25 /* CoreVideo.framework in Frameworks */,
			);
			runOnlyForDeploymentPostprocessing = 0;
		};
/* End PBXFrameworksBuildPhase section */

/* Begin PBXGroup section */
		3C86ED951D1021CA00D83A25 = {
			isa = PBXGroup;
			children = (
				3C86EDBE1D1056FD00D83A25 /* New Group */,
				3C86EDBC1D1055FF00D83A25 /* libGLEW.a */,
				3C86EDB51D102A1300D83A25 /* libglfw3.a */,
				3C86EDB31D1029E400D83A25 /* GLUT.framework */,
				3C86EDB11D1029E000D83A25 /* OpenGL.framework */,
				3C86EDAF1D1029D700D83A25 /* Cocoa.framework */,
				3C86EDAD1D1029D000D83A25 /* IOKit.framework */,
				3C86EDAB1D1029C800D83A25 /* CoreVideo.framework */,
				3C86EDA81D1021D500D83A25 /* Getting Start */,
				3C86ED9F1D1021CA00D83A25 /* Products */,
			);
			sourceTree = "<group>";
		};
		3C86ED9F1D1021CA00D83A25 /* Products */ = {
			isa = PBXGroup;
			children = (
				3C86ED9E1D1021CA00D83A25 /* Mac */,
			);
			name = Products;
			sourceTree = "<group>";
		};
		3C86EDA81D1021D500D83A25 /* Getting Start */ = {
			isa = PBXGroup;
			children = (
				3C86EDA91D10221500D83A25 /* main.cpp */,
			);
			name = "Getting Start";
			sourceTree = "<group>";
		};
		3C86EDBE1D1056FD00D83A25 /* New Group */ = {
			isa = PBXGroup;
			children = (
			);
			name = "New Group";
			sourceTree = "<group>";
		};
/* End PBXGroup section */

/* Begin PBXNativeTarget section */
		3C86ED9D1D1021CA00D83A25 /* Mac */ = {
			isa = PBXNativeTarget;
			buildConfigurationList = 3C86EDA51D1021CA00D83A25 /* Build configuration list for PBXNativeTarget "Mac" */;
			buildPhases = (
				3C86ED9A1D1021CA00D83A25 /* Sources */,
				3C86ED9B1D1021CA00D83A25 /* Frameworks */,
				3C86ED9C1D1021CA00D83A25 /* CopyFiles */,
			);
			buildRules = (
			);
			dependencies = (
			);
			name = Mac;
			productName = Mac;
			productReference = 3C86ED9E1D1021CA00D83A25 /* Mac */;
			productType = "com.apple.product-type.tool";
		};
/* End PBXNativeTarget section */

/* Begin PBXProject section */
		3C86ED961D1021CA00D83A25 /* Project object */ = {
			isa = PBXProject;
			attributes = {
				LastUpgradeCheck = 0720;
				ORGANIZATIONNAME = King;
				TargetAttributes = {
					3C86ED9D1D1021CA00D83A25 = {
						CreatedOnToolsVersion = 7.2.1;
					};
				};
			};
			buildConfigurationList = 3C86ED991D1021CA00D83A25 /* Build configuration list for PBXProject "Mac" */;
			compatibilityVersion = "Xcode 3.2";
			developmentRegion = English;
			hasScannedForEncodings = 0;
			knownRegions = (
				en,
			);
			mainGroup = 3C86ED951D1021CA00D83A25;
			productRefGroup = 3C86ED9F1D1021CA00D83A25 /* Products */;
			projectDirPath = "";
			projectRoot = "";
			targets = (
				3C86ED9D1D1021CA00D83A25 /* Mac */,
			);
		};
/* End PBXProject section */

/* Begin PBXSourcesBuildPhase section */
		3C86ED9A1D1021CA00D83A25 /* Sources */ = {
			isa = PBXSourcesBuildPhase;
			buildActionMask = 2147483647;
			files = (
				3C86EDAA1D10221500D83A25 /* main.cpp in Sources */,
			);
			runOnlyForDeploymentPostprocessing = 0;
		};
/* End PBXSourcesBuildPhase section */

/* Begin XCBuildConfiguration section */
		3C86EDA31D1021CA00D83A25 /* Debug */ = {
			isa = XCBuildConfiguration;
			buildSettings = {
				ALWAYS_SEARCH_USER_PATHS = NO;
				CLANG_CXX_LANGUAGE_STANDARD = "gnu++0x";
				CLANG_CXX_LIBRARY = "libc++";
				CLANG_ENABLE_MODULES = YES;
				CLANG_ENABLE_OBJC_ARC = YES;
				CLANG_WARN_BOOL_CONVERSION = YES;
				CLANG_WARN_CONSTANT_CONVERSION = YES;
				CLANG_WARN_DIRECT_OBJC_ISA_USAGE = YES_ERROR;
				CLANG_WARN_EMPTY_BODY = YES;
				CLANG_WARN_ENUM_CONVERSION = YES;
				CLANG_WARN_INT_CONVERSION = YES;
				CLANG_WARN_OBJC_ROOT_CLASS = YES_ERROR;
				CLANG_WARN_UNREACHABLE_CODE = YES;
				CLANG_WARN__DUPLICATE_METHOD_MATCH = YES;
				CODE_SIGN_IDENTITY = "-";
				COPY_PHASE_STRIP = NO;
				DEBUG_INFORMATION_FORMAT = dwarf;
				ENABLE_STRICT_OBJC_MSGSEND = YES;
				ENABLE_TESTABILITY = YES;
				GCC_C_LANGUAGE_STANDARD = gnu99;
				GCC_DYNAMIC_NO_PIC = NO;
				GCC_NO_COMMON_BLOCKS = YES;
				GCC_OPTIMIZATION_LEVEL = 0;
				GCC_PREPROCESSOR_DEFINITIONS = (
					"DEBUG=1",
					"$(inherited)",
				);
				GCC_WARN_64_TO_32_BIT_CONVERSION = YES;
				GCC_WARN_ABOUT_RETURN_TYPE = YES_ERROR;
				GCC_WARN_UNDECLARED_SELECTOR = YES;
				GCC_WARN_UNINITIALIZED_AUTOS = YES_AGGRESSIVE;
				GCC_WARN_UNUSED_FUNCTION = YES;
				GCC_WARN_UNUSED_VARIABLE = YES;
				MACOSX_DEPLOYMENT_TARGET = 10.10;
				MTL_ENABLE_DEBUG_INFO = YES;
				ONLY_ACTIVE_ARCH = YES;
				SDKROOT = macosx;
			};
			name = Debug;
		};
		3C86EDA41D1021CA00D83A25 /* Release */ = {
			isa = XCBuildConfiguration;
			buildSettings = {
				ALWAYS_SEARCH_USER_PATHS = NO;
				CLANG_CXX_LANGUAGE_STANDARD = "gnu++0x";
				CLANG_CXX_LIBRARY = "libc++";
				CLANG_ENABLE_MODULES = YES;
				CLANG_ENABLE_OBJC_ARC = YES;
				CLANG_WARN_BOOL_CONVERSION = YES;
				CLANG_WARN_CONSTANT_CONVERSION = YES;
				CLANG_WARN_DIRECT_OBJC_ISA_USAGE = YES_ERROR;
				CLANG_WARN_EMPTY_BODY = YES;
				CLANG_WARN_ENUM_CONVERSION = YES;
				CLANG_WARN_INT_CONVERSION = YES;
				CLANG_WARN_OBJC_ROOT_CLASS = YES_ERROR;
				CLANG_WARN_UNREACHABLE_CODE = YES;
				CLANG_WARN__DUPLICATE_METHOD_MATCH = YES;
				CODE_SIGN_IDENTITY = "-";
				COPY_PHASE_STRIP = NO;
				DEBUG_INFORMATION_FORMAT = "dwarf-with-dsym";
				ENABLE_NS_ASSERTIONS = NO;
				ENABLE_STRICT_OBJC_MSGSEND = YES;
				GCC_C_LANGUAGE_STANDARD = gnu99;
				GCC_NO_COMMON_BLOCKS = YES;
				GCC_WARN_64_TO_32_BIT_CONVERSION = YES;
				GCC_WARN_ABOUT_RETURN_TYPE = YES_ERROR;
				GCC_WARN_UNDECLARED_SELECTOR = YES;
				GCC_WARN_UNINITIALIZED_AUTOS = YES_AGGRESSIVE;
				GCC_WARN_UNUSED_FUNCTION = YES;
				GCC_WARN_UNUSED_VARIABLE = YES;
				MACOSX_DEPLOYMENT_TARGET = 10.10;
				MTL_ENABLE_DEBUG_INFO = NO;
				SDKROOT = macosx;
			};
			name = Release;
		};
		3C86EDA61D1021CA00D83A25 /* Debug */ = {
			isa = XCBuildConfiguration;
			buildSettings = {
				ALWAYS_SEARCH_USER_PATHS = YES;
				HEADER_SEARCH_PATHS = "/usr/local/include/**";
				LIBRARY_SEARCH_PATHS = "/usr/local/lib/**";
				OTHER_LDFLAGS = "";
				PRODUCT_NAME = "$(TARGET_NAME)";
			};
			name = Debug;
		};
		3C86EDA71D1021CA00D83A25 /* Release */ = {
			isa = XCBuildConfiguration;
			buildSettings = {
				ALWAYS_SEARCH_USER_PATHS = YES;
				HEADER_SEARCH_PATHS = "/usr/local/include/**";
				LIBRARY_SEARCH_PATHS = "/usr/local/lib/**";
				OTHER_LDFLAGS = "";
				PRODUCT_NAME = "$(TARGET_NAME)";
			};
			name = Release;
		};
/* End XCBuildConfiguration section */

/* Begin XCConfigurationList section */
		3C86ED991D1021CA00D83A25 /* Build configuration list for PBXProject "Mac" */ = {
			isa = XCConfigurationList;
			buildConfigurations = (
				3C86EDA31D1021CA00D83A25 /* Debug */,
				3C86EDA41D1021CA00D83A25 /* Release */,
			);
			defaultConfigurationIsVisible = 0;
			defaultConfigurationName = Release;
		};
		3C86EDA51D1021CA00D83A25 /* Build configuration list for PBXNativeTarget "Mac" */ = {
			isa = XCConfigurationList;
			buildConfigurations = (
				3C86EDA61D1021CA00D83A25 /* Debug */,
				3C86EDA71D1021CA00D83A25 /* Release */,
			);
			defaultConfigurationIsVisible = 0;
		};
/* End XCConfigurationList section */
	};
	rootObject = 3C86ED961D1021CA00D83A25 /* Project object */;
}
