<?xml version="1.0" encoding="utf-8"?>
<Project ToolsVersion="4.0" xmlns="http://schemas.microsoft.com/developer/msbuild/2003">
  <ItemGroup>
    <Filter Include="Source Files">
      <UniqueIdentifier>{4FC737F1-C7A5-4376-A066-2A32D752A2FF}</UniqueIdentifier>
      <Extensions>cpp;c;cc;cxx;def;odl;idl;hpj;bat;asm;asmx</Extensions>
    </Filter>
    <Filter Include="Header Files">
      <UniqueIdentifier>{93995380-89BD-4b04-88EB-625FBE52EBFB}</UniqueIdentifier>
      <Extensions>h;hh;hpp;hxx;hm;inl;inc;xsd</Extensions>
    </Filter>
    <Filter Include="Resource Files">
      <UniqueIdentifier>{67DA6AB6-F800-4c08-8B7A-83BB121AAD01}</UniqueIdentifier>
      <Extensions>rc;ico;cur;bmp;dlg;rc2;rct;bin;rgs;gif;jpg;jpeg;jpe;resx;tiff;tif;png;wav;mfcribbon-ms</Extensions>
    </Filter>
    <Filter Include="Shaders">
      <UniqueIdentifier>{47c87884-564b-4fc6-95de-724766631b8d}</UniqueIdentifier>
    </Filter>
  </ItemGroup>
  <ItemGroup>
    <ClCompile Include="..\..\Files\Classes\Camera.cpp">
      <Filter>Header Files</Filter>
    </ClCompile>
    <ClCompile Include="..\..\Files\Classes\CommonSettings.cpp">
      <Filter>Header Files</Filter>
    </ClCompile>
    <ClCompile Include="..\..\Files\Classes\ShaderReader.cpp">
      <Filter>Header Files</Filter>
    </ClCompile>
    <ClCompile Include="..\..\Files\Classes\TextureReader.cpp">
      <Filter>Header Files</Filter>
    </ClCompile>
    <ClCompile Include="..\..\Files\Advanced Lighting\main.cpp">
      <Filter>Source Files</Filter>
    </ClCompile>
  </ItemGroup>
  <ItemGroup>
    <ClInclude Include="..\..\Files\Classes\Camera.hpp">
      <Filter>Header Files</Filter>
    </ClInclude>
    <ClInclude Include="..\..\Files\Classes\CommonSettings.hpp">
      <Filter>Header Files</Filter>
    </ClInclude>
    <ClInclude Include="..\..\Files\Classes\ShaderReader.hpp">
      <Filter>Header Files</Filter>
    </ClInclude>
    <ClInclude Include="..\..\Files\Classes\TextureReader.hpp">
      <Filter>Header Files</Filter>
    </ClInclude>
  </ItemGroup>
  <ItemGroup>
    <None Include="..\..\Files\Advanced Lighting\Shaders\test1.frag">
      <Filter>Shaders</Filter>
    </None>
    <None Include="..\..\Files\Advanced Lighting\Shaders\test1.vert">
      <Filter>Shaders</Filter>
    </None>
    <None Include="..\..\Files\Advanced Lighting\Shaders\test2.frag">
      <Filter>Shaders</Filter>
    </None>
    <None Include="..\..\Files\Advanced Lighting\Shaders\test2.vert">
      <Filter>Shaders</Filter>
    </None>
    <None Include="..\..\Files\Advanced Lighting\Shaders\test3.frag">
      <Filter>Shaders</Filter>
    </None>
    <None Include="..\..\Files\Advanced Lighting\Shaders\test3.vert">
      <Filter>Shaders</Filter>
    </None>
  </ItemGroup>
  <ItemGroup>
    <Image Include="..\..\Files\Advanced Lighting\Resources\wood.png">
      <Filter>Resource Files</Filter>
    </Image>
  </ItemGroup>
</Project>