
Microsoft Visual Studio Solution File, Format Version 12.00
# Visual Studio 2013
VisualStudioVersion = 12.0.31101.0
MinimumVisualStudioVersion = 10.0.40219.1
Project("{8BC9CEB8-8B4A-11D0-8D11-00A0C91BC942}") = "Getting Start", "OpenGL\OpenGL.vcxproj", "{1AEBB5D5-56D2-4D8D-9920-E44D08E86750}"
EndProject
Project("{8BC9CEB8-8B4A-11D0-8D11-00A0C91BC942}") = "Ex_GS_HT_1", "Ex_GS_HT_1\Ex_GS_HT_1.vcxproj", "{8A6DB04C-A0A0-4FE7-8CAE-9FD1077D56B9}"
EndProject
Project("{8BC9CEB8-8B4A-11D0-8D11-00A0C91BC942}") = "EX_GS_HT_3", "EX_GS_HT_3\EX_GS_HT_3.vcxproj", "{C5396818-82CB-41F1-ACEB-5604BE151060}"
EndProject
Project("{8BC9CEB8-8B4A-11D0-8D11-00A0C91BC942}") = "EX_GS_HT_2", "EX_GS_HT_2\EX_GS_HT_2.vcxproj", "{944E711F-B7B6-487A-9A19-DE944C52A6C8}"
EndProject
Project("{8BC9CEB8-8B4A-11D0-8D11-00A0C91BC942}") = "EX_GS_Tex_2", "EX_GS_Tex_2\EX_GS_Tex_2.vcxproj", "{1EB36E45-AB21-4B78-B623-E4D82104A306}"
EndProject
Project("{8BC9CEB8-8B4A-11D0-8D11-00A0C91BC942}") = "EX_GS_Tex_3", "EX_GS_Tex_3\EX_GS_Tex_3.vcxproj", "{4C66D5B0-D6F2-46F7-8D3A-98816A7EF1F4}"
EndProject
Project("{8BC9CEB8-8B4A-11D0-8D11-00A0C91BC942}") = "EX_GS_Tex_4", "EX_GS_Tex_4\EX_GS_Tex_4.vcxproj", "{44EB1EA1-9035-4773-8C50-C7DA6CF9B7B0}"
EndProject
Project("{8BC9CEB8-8B4A-11D0-8D11-00A0C91BC942}") = "EX_GS_Tex_1", "EX_GS_Tex_1\EX_GS_Tex_1.vcxproj", "{E1F38489-DFD2-4AB5-960C-B5E62E7A9725}"
EndProject
Project("{8BC9CEB8-8B4A-11D0-8D11-00A0C91BC942}") = "EX_GS_C_1", "EX_GS_C_1\EX_GS_C_1.vcxproj", "{D867D8FD-E627-4C1C-BA07-CEB636F875F3}"
EndProject
Project("{8BC9CEB8-8B4A-11D0-8D11-00A0C91BC942}") = "EX_GS_C_2", "EX_GS_C_2\EX_GS_C_2.vcxproj", "{3E81EA1C-971D-4BF9-A1BF-B01BF05FEAA1}"
EndProject
Project("{8BC9CEB8-8B4A-11D0-8D11-00A0C91BC942}") = "Lighting", "Lighting\Lighting.vcxproj", "{1A414EFE-94D0-45EC-85B0-2D322F69F050}"
EndProject
Global
	GlobalSection(SolutionConfigurationPlatforms) = preSolution
		Debug|Win32 = Debug|Win32
		Release|Win32 = Release|Win32
	EndGlobalSection
	GlobalSection(ProjectConfigurationPlatforms) = postSolution
		{1AEBB5D5-56D2-4D8D-9920-E44D08E86750}.Debug|Win32.ActiveCfg = Debug|Win32
		{1AEBB5D5-56D2-4D8D-9920-E44D08E86750}.Debug|Win32.Build.0 = Debug|Win32
		{1AEBB5D5-56D2-4D8D-9920-E44D08E86750}.Release|Win32.ActiveCfg = Release|Win32
		{1AEBB5D5-56D2-4D8D-9920-E44D08E86750}.Release|Win32.Build.0 = Release|Win32
		{8A6DB04C-A0A0-4FE7-8CAE-9FD1077D56B9}.Debug|Win32.ActiveCfg = Debug|Win32
		{8A6DB04C-A0A0-4FE7-8CAE-9FD1077D56B9}.Debug|Win32.Build.0 = Debug|Win32
		{8A6DB04C-A0A0-4FE7-8CAE-9FD1077D56B9}.Release|Win32.ActiveCfg = Release|Win32
		{8A6DB04C-A0A0-4FE7-8CAE-9FD1077D56B9}.Release|Win32.Build.0 = Release|Win32
		{C5396818-82CB-41F1-ACEB-5604BE151060}.Debug|Win32.ActiveCfg = Debug|Win32
		{C5396818-82CB-41F1-ACEB-5604BE151060}.Debug|Win32.Build.0 = Debug|Win32
		{C5396818-82CB-41F1-ACEB-5604BE151060}.Release|Win32.ActiveCfg = Release|Win32
		{C5396818-82CB-41F1-ACEB-5604BE151060}.Release|Win32.Build.0 = Release|Win32
		{944E711F-B7B6-487A-9A19-DE944C52A6C8}.Debug|Win32.ActiveCfg = Debug|Win32
		{944E711F-B7B6-487A-9A19-DE944C52A6C8}.Debug|Win32.Build.0 = Debug|Win32
		{944E711F-B7B6-487A-9A19-DE944C52A6C8}.Release|Win32.ActiveCfg = Release|Win32
		{944E711F-B7B6-487A-9A19-DE944C52A6C8}.Release|Win32.Build.0 = Release|Win32
		{1EB36E45-AB21-4B78-B623-E4D82104A306}.Debug|Win32.ActiveCfg = Debug|Win32
		{1EB36E45-AB21-4B78-B623-E4D82104A306}.Debug|Win32.Build.0 = Debug|Win32
		{1EB36E45-AB21-4B78-B623-E4D82104A306}.Release|Win32.ActiveCfg = Release|Win32
		{1EB36E45-AB21-4B78-B623-E4D82104A306}.Release|Win32.Build.0 = Release|Win32
		{4C66D5B0-D6F2-46F7-8D3A-98816A7EF1F4}.Debug|Win32.ActiveCfg = Debug|Win32
		{4C66D5B0-D6F2-46F7-8D3A-98816A7EF1F4}.Debug|Win32.Build.0 = Debug|Win32
		{4C66D5B0-D6F2-46F7-8D3A-98816A7EF1F4}.Release|Win32.ActiveCfg = Release|Win32
		{4C66D5B0-D6F2-46F7-8D3A-98816A7EF1F4}.Release|Win32.Build.0 = Release|Win32
		{44EB1EA1-9035-4773-8C50-C7DA6CF9B7B0}.Debug|Win32.ActiveCfg = Debug|Win32
		{44EB1EA1-9035-4773-8C50-C7DA6CF9B7B0}.Debug|Win32.Build.0 = Debug|Win32
		{44EB1EA1-9035-4773-8C50-C7DA6CF9B7B0}.Release|Win32.ActiveCfg = Release|Win32
		{44EB1EA1-9035-4773-8C50-C7DA6CF9B7B0}.Release|Win32.Build.0 = Release|Win32
		{E1F38489-DFD2-4AB5-960C-B5E62E7A9725}.Debug|Win32.ActiveCfg = Debug|Win32
		{E1F38489-DFD2-4AB5-960C-B5E62E7A9725}.Debug|Win32.Build.0 = Debug|Win32
		{E1F38489-DFD2-4AB5-960C-B5E62E7A9725}.Release|Win32.ActiveCfg = Release|Win32
		{E1F38489-DFD2-4AB5-960C-B5E62E7A9725}.Release|Win32.Build.0 = Release|Win32
		{D867D8FD-E627-4C1C-BA07-CEB636F875F3}.Debug|Win32.ActiveCfg = Debug|Win32
		{D867D8FD-E627-4C1C-BA07-CEB636F875F3}.Debug|Win32.Build.0 = Debug|Win32
		{D867D8FD-E627-4C1C-BA07-CEB636F875F3}.Release|Win32.ActiveCfg = Release|Win32
		{D867D8FD-E627-4C1C-BA07-CEB636F875F3}.Release|Win32.Build.0 = Release|Win32
		{3E81EA1C-971D-4BF9-A1BF-B01BF05FEAA1}.Debug|Win32.ActiveCfg = Debug|Win32
		{3E81EA1C-971D-4BF9-A1BF-B01BF05FEAA1}.Debug|Win32.Build.0 = Debug|Win32
		{3E81EA1C-971D-4BF9-A1BF-B01BF05FEAA1}.Release|Win32.ActiveCfg = Release|Win32
		{3E81EA1C-971D-4BF9-A1BF-B01BF05FEAA1}.Release|Win32.Build.0 = Release|Win32
		{1A414EFE-94D0-45EC-85B0-2D322F69F050}.Debug|Win32.ActiveCfg = Debug|Win32
		{1A414EFE-94D0-45EC-85B0-2D322F69F050}.Debug|Win32.Build.0 = Debug|Win32
		{1A414EFE-94D0-45EC-85B0-2D322F69F050}.Release|Win32.ActiveCfg = Release|Win32
		{1A414EFE-94D0-45EC-85B0-2D322F69F050}.Release|Win32.Build.0 = Release|Win32
	EndGlobalSection
	GlobalSection(SolutionProperties) = preSolution
		HideSolutionNode = FALSE
	EndGlobalSection
EndGlobal
